// !$*UTF8*$!
{
	archiveVersion = 1;
	classes = {
	};
	objectVersion = 77;
	objects = {

/* Begin PBXContainerItemProxy section */
		BBFEBD8F2EF8573100FDADF0 /* PBXContainerItemProxy */ = {
			isa = PBXContainerItemProxy;
			containerPortal = BBFEBD702EF8572D00FDADF0 /* Project object */;
			proxyType = 1;
			remoteGlobalIDString = BBFEBD772EF8572D00FDADF0;
			remoteInfo = "Donor Home";
		};
		BBFEBD992EF8573100FDADF0 /* PBXContainerItemProxy */ = {
			isa = PBXContainerItemProxy;
			containerPortal = BBFEBD702EF8572D00FDADF0 /* Project object */;
			proxyType = 1;
			remoteGlobalIDString = BBFEBD772EF8572D00FDADF0;
			remoteInfo = "Donor Home";
		};
/* End PBXContainerItemProxy section */

/* Begin PBXFileReference section */
		BBFEBD782EF8572D00FDADF0 /* Donor Home.app */ = {isa = PBXFileReference; explicitFileType = wrapper.application; includeInIndex = 0; path = "Donor Home.app"; sourceTree = BUILT_PRODUCTS_DIR; };
		BBFEBD8E2EF8573100FDADF0 /* Donor HomeTests.xctest */ = {isa = PBXFileReference; explicitFileType = wrapper.cfbundle; includeInIndex = 0; path = "Donor HomeTests.xctest"; sourceTree = BUILT_PRODUCTS_DIR; };
		BBFEBD982EF8573100FDADF0 /* Donor HomeUITests.xctest */ = {isa = PBXFileReference; explicitFileType = wrapper.cfbundle; includeInIndex = 0; path = "Donor HomeUITests.xctest"; sourceTree = BUILT_PRODUCTS_DIR; };
/* End PBXFileReference section */

/* Begin PBXFileSystemSynchronizedBuildFileExceptionSet section */
		BBFEBDA02EF8573100FDADF0 /* Exceptions for "Donor Home" folder in "Donor Home" target */ = {
			isa = PBXFileSystemSynchronizedBuildFileExceptionSet;
			membershipExceptions = (
				Info.plist,
			);
			target = BBFEBD772EF8572D00FDADF0 /* Donor Home */;
		};
/* End PBXFileSystemSynchronizedBuildFileExceptionSet section */

/* Begin PBXFileSystemSynchronizedRootGroup section */
		BBFEBD7A2EF8572D00FDADF0 /* Donor Home */ = {
			isa = PBXFileSystemSynchronizedRootGroup;
			exceptions = (
				BBFEBDA02EF8573100FDADF0 /* Exceptions for "Donor Home" folder in "Donor Home" target */,
			);
			path = "Donor Home";
			sourceTree = "<group>";
		};
		BBFEBD912EF8573100FDADF0 /* Donor HomeTests */ = {
			isa = PBXFileSystemSynchronizedRootGroup;
			path = "Donor HomeTests";
			sourceTree = "<group>";
		};
		BBFEBD9B2EF8573100FDADF0 /* Donor HomeUITests */ = {
			isa = PBXFileSystemSynchronizedRootGroup;
			path = "Donor HomeUITests";
			sourceTree = "<group>";
		};
/* End PBXFileSystemSynchronizedRootGroup section */

/* Begin PBXFrameworksBuildPhase section */
		BBFEBD752EF8572D00FDADF0 /* Frameworks */ = {
			isa = PBXFrameworksBuildPhase;
			buildActionMask = 2147483647;
			files = (
			);
			runOnlyForDeploymentPostprocessing = 0;
		};
		BBFEBD8B2EF8573100FDADF0 /* Frameworks */ = {
			isa = PBXFrameworksBuildPhase;
			buildActionMask = 2147483647;
			files = (
			);
			runOnlyForDeploymentPostprocessing = 0;
		};
		BBFEBD952EF8573100FDADF0 /* Frameworks */ = {
			isa = PBXFrameworksBuildPhase;
			buildActionMask = 2147483647;
			files = (
			);
			runOnlyForDeploymentPostprocessing = 0;
		};
/* End PBXFrameworksBuildPhase section */

/* Begin PBXGroup section */
		BBFEBD6F2EF8572D00FDADF0 = {
			isa = PBXGroup;
			children = (
				BBFEBD7A2EF8572D00FDADF0 /* Donor Home */,
				BBFEBD912EF8573100FDADF0 /* Donor HomeTests */,
				BBFEBD9B2EF8573100FDADF0 /* Donor HomeUITests */,
				BBFEBD792EF8572D00FDADF0 /* Products */,
			);
			sourceTree = "<group>";
		};
		BBFEBD792EF8572D00FDADF0 /* Products */ = {
			isa = PBXGroup;
			children = (
				BBFEBD782EF8572D00FDADF0 /* Donor Home.app */,
				BBFEBD8E2EF8573100FDADF0 /* Donor HomeTests.xctest */,
				BBFEBD982EF8573100FDADF0 /* Donor HomeUITests.xctest */,
			);
			name = Products;
			sourceTree = "<group>";
		};
/* End PBXGroup section */

/* Begin PBXNativeTarget section */
		BBFEBD772EF8572D00FDADF0 /* Donor Home */ = {
			isa = PBXNativeTarget;
			buildConfigurationList = BBFEBDA12EF8573100FDADF0 /* Build configuration list for PBXNativeTarget "Donor Home" */;
			buildPhases = (
				BBFEBD742EF8572D00FDADF0 /* Sources */,
				BBFEBD752EF8572D00FDADF0 /* Frameworks */,
				BBFEBD762EF8572D00FDADF0 /* Resources */,
			);
			buildRules = (
			);
			dependencies = (
			);
			fileSystemSynchronizedGroups = (
				BBFEBD7A2EF8572D00FDADF0 /* Donor Home */,
			);
			name = "Donor Home";
			packageProductDependencies = (
			);
			productName = "Donor Home";
			productReference = BBFEBD782EF8572D00FDADF0 /* Donor Home.app */;
			productType = "com.apple.product-type.application";
		};
		BBFEBD8D2EF8573100FDADF0 /* Donor HomeTests */ = {
			isa = PBXNativeTarget;
			buildConfigurationList = BBFEBDA62EF8573100FDADF0 /* Build configuration list for PBXNativeTarget "Donor HomeTests" */;
			buildPhases = (
				BBFEBD8A2EF8573100FDADF0 /* Sources */,
				BBFEBD8B2EF8573100FDADF0 /* Frameworks */,
				BBFEBD8C2EF8573100FDADF0 /* Resources */,
			);
			buildRules = (
			);
			dependencies = (
				BBFEBD902EF8573100FDADF0 /* PBXTargetDependency */,
			);
			fileSystemSynchronizedGroups = (
				BBFEBD912EF8573100FDADF0 /* Donor HomeTests */,
			);
			name = "Donor HomeTests";
			packageProductDependencies = (
			);
			productName = "Donor HomeTests";
			productReference = BBFEBD8E2EF8573100FDADF0 /* Donor HomeTests.xctest */;
			productType = "com.apple.product-type.bundle.unit-test";
		};
		BBFEBD972EF8573100FDADF0 /* Donor HomeUITests */ = {
			isa = PBXNativeTarget;
			buildConfigurationList = BBFEBDA92EF8573100FDADF0 /* Build configuration list for PBXNativeTarget "Donor HomeUITests" */;
			buildPhases = (
				BBFEBD942EF8573100FDADF0 /* Sources */,
				BBFEBD952EF8573100FDADF0 /* Frameworks */,
				BBFEBD962EF8573100FDADF0 /* Resources */,
			);
			buildRules = (
			);
			dependencies = (
				BBFEBD9A2EF8573100FDADF0 /* PBXTargetDependency */,
			);
			fileSystemSynchronizedGroups = (
				BBFEBD9B2EF8573100FDADF0 /* Donor HomeUITests */,
			);
			name = "Donor HomeUITests";
			packageProductDependencies = (
			);
			productName = "Donor HomeUITests";
			productReference = BBFEBD982EF8573100FDADF0 /* Donor HomeUITests.xctest */;
			productType = "com.apple.product-type.bundle.ui-testing";
		};
/* End PBXNativeTarget section */

/* Begin PBXProject section */
		BBFEBD702EF8572D00FDADF0 /* Project object */ = {
			isa = PBXProject;
			attributes = {
				BuildIndependentTargetsInParallel = 1;
				LastSwiftUpdateCheck = 1640;
				LastUpgradeCheck = 1640;
				TargetAttributes = {
					BBFEBD772EF8572D00FDADF0 = {
						CreatedOnToolsVersion = 16.4;
					};
					BBFEBD8D2EF8573100FDADF0 = {
						CreatedOnToolsVersion = 16.4;
						TestTargetID = BBFEBD772EF8572D00FDADF0;
					};
					BBFEBD972EF8573100FDADF0 = {
						CreatedOnToolsVersion = 16.4;
						TestTargetID = BBFEBD772EF8572D00FDADF0;
					};
				};
			};
			buildConfigurationList = BBFEBD732EF8572D00FDADF0 /* Build configuration list for PBXProject "Donor Home" */;
			developmentRegion = en;
			hasScannedForEncodings = 0;
			knownRegions = (
				en,
				Base,
			);
			mainGroup = BBFEBD6F2EF8572D00FDADF0;
			minimizedProjectReferenceProxies = 1;
			preferredProjectObjectVersion = 77;
			productRefGroup = BBFEBD792EF8572D00FDADF0 /* Products */;
			projectDirPath = "";
			projectRoot = "";
			targets = (
				BBFEBD772EF8572D00FDADF0 /* Donor Home */,
				BBFEBD8D2EF8573100FDADF0 /* Donor HomeTests */,
				BBFEBD972EF8573100FDADF0 /* Donor HomeUITests */,
			);
		};
/* End PBXProject section */

/* Begin PBXResourcesBuildPhase section */
		BBFEBD762EF8572D00FDADF0 /* Resources */ = {
			isa = PBXResourcesBuildPhase;
			buildActionMask = 2147483647;
			files = (
			);
			runOnlyForDeploymentPostprocessing = 0;
		};
		BBFEBD8C2EF8573100FDADF0 /* Resources */ = {
			isa = PBXResourcesBuildPhase;
			buildActionMask = 2147483647;
			files = (
			);
			runOnlyForDeploymentPostprocessing = 0;
		};
		BBFEBD962EF8573100FDADF0 /* Resources */ = {
			isa = PBXResourcesBuildPhase;
			buildActionMask = 2147483647;
			files = (
			);
			runOnlyForDeploymentPostprocessing = 0;
		};
/* End PBXResourcesBuildPhase section */

/* Begin PBXSourcesBuildPhase section */
		BBFEBD742EF8572D00FDADF0 /* Sources */ = {
			isa = PBXSourcesBuildPhase;
			buildActionMask = 2147483647;
			files = (
			);
			runOnlyForDeploymentPostprocessing = 0;
		};
		BBFEBD8A2EF8573100FDADF0 /* Sources */ = {
			isa = PBXSourcesBuildPhase;
			buildActionMask = 2147483647;
			files = (
			);
			runOnlyForDeploymentPostprocessing = 0;
		};
		BBFEBD942EF8573100FDADF0 /* Sources */ = {
			isa = PBXSourcesBuildPhase;
			buildActionMask = 2147483647;
			files = (
			);
			runOnlyForDeploymentPostprocessing = 0;
		};
/* End PBXSourcesBuildPhase section */

/* Begin PBXTargetDependency section */
		BBFEBD902EF8573100FDADF0 /* PBXTargetDependency */ = {
			isa = PBXTargetDependency;
			target = BBFEBD772EF8572D00FDADF0 /* Donor Home */;
			targetProxy = BBFEBD8F2EF8573100FDADF0 /* PBXContainerItemProxy */;
		};
		BBFEBD9A2EF8573100FDADF0 /* PBXTargetDependency */ = {
			isa = PBXTargetDependency;
			target = BBFEBD772EF8572D00FDADF0 /* Donor Home */;
			targetProxy = BBFEBD992EF8573100FDADF0 /* PBXContainerItemProxy */;
		};
/* End PBXTargetDependency section */

/* Begin XCBuildConfiguration section */
		BBFEBDA22EF8573100FDADF0 /* Debug */ = {
			isa = XCBuildConfiguration;
			buildSettings = {
				ASSETCATALOG_COMPILER_APPICON_NAME = AppIcon;
				ASSETCATALOG_COMPILER_GLOBAL_ACCENT_COLOR_NAME = AccentColor;
				CODE_SIGN_STYLE = Automatic;
				CURRENT_PROJECT_VERSION = 1;
				GENERATE_INFOPLIST_FILE = YES;
				INFOPLIST_FILE = "Donor Home/Info.plist";
				INFOPLIST_KEY_UIApplicationSupportsIndirectInputEvents = YES;
				INFOPLIST_KEY_UILaunchStoryboardName = LaunchScreen;
				INFOPLIST_KEY_UIMainStoryboardFile = Main;
				INFOPLIST_KEY_UISupportedInterfaceOrientations_iPad = "UIInterfaceOrientationPortrait UIInterfaceOrientationPortraitUpsideDown UIInterfaceOrientationLandscapeLeft UIInterfaceOrientationLandscapeRight";
				INFOPLIST_KEY_UISupportedInterfaceOrientations_iPhone = "UIInterfaceOrientationPortrait UIInterfaceOrientationLandscapeLeft UIInterfaceOrientationLandscapeRight";
				LD_RUNPATH_SEARCH_PATHS = (
					"$(inherited)",
					"@executable_path/Frameworks",
				);
				MARKETING_VERSION = 1.0;
				PRODUCT_BUNDLE_IDENTIFIER = "polytechnic.Donor-Home";
				PRODUCT_NAME = "$(TARGET_NAME)";
				SWIFT_EMIT_LOC_STRINGS = YES;
				SWIFT_VERSION = 5.0;
				TARGETED_DEVICE_FAMILY = "1,2";
			};
			name = Debug;
		};
		BBFEBDA32EF8573100FDADF0 /* Release */ = {
			isa = XCBuildConfiguration;
			buildSettings = {
				ASSETCATALOG_COMPILER_APPICON_NAME = AppIcon;
				ASSETCATALOG_COMPILER_GLOBAL_ACCENT_COLOR_NAME = AccentColor;
				CODE_SIGN_STYLE = Automatic;
				CURRENT_PROJECT_VERSION = 1;
				GENERATE_INFOPLIST_FILE = YES;
				INFOPLIST_FILE = "Donor Home/Info.plist";
				INFOPLIST_KEY_UIApplicationSupportsIndirectInputEvents = YES;
				INFOPLIST_KEY_UILaunchStoryboardName = LaunchScreen;
				INFOPLIST_KEY_UIMainStoryboardFile = Main;
				INFOPLIST_KEY_UISupportedInterfaceOrientations_iPad = "UIInterfaceOrientationPortrait UIInterfaceOrientationPortraitUpsideDown UIInterfaceOrientationLandscapeLeft UIInterfaceOrientationLandscapeRight";
				INFOPLIST_KEY_UISupportedInterfaceOrientations_iPhone = "UIInterfaceOrientationPortrait UIInterfaceOrientationLandscapeLeft UIInterfaceOrientationLandscapeRight";
				LD_RUNPATH_SEARCH_PATHS = (
					"$(inherited)",
					"@executable_path/Frameworks",
				);
				MARKETING_VERSION = 1.0;
				PRODUCT_BUNDLE_IDENTIFIER = "polytechnic.Donor-Home";
				PRODUCT_NAME = "$(TARGET_NAME)";
				SWIFT_EMIT_LOC_STRINGS = YES;
				SWIFT_VERSION = 5.0;
				TARGETED_DEVICE_FAMILY = "1,2";
			};
			name = Release;
		};
		BBFEBDA42EF8573100FDADF0 /* Debug */ = {
			isa = XCBuildConfiguration;
			buildSettings = {
				ALWAYS_SEARCH_USER_PATHS = NO;
				ASSETCATALOG_COMPILER_GENERATE_SWIFT_ASSET_SYMBOL_EXTENSIONS = YES;
				CLANG_ANALYZER_NONNULL = YES;
				CLANG_ANALYZER_NUMBER_OBJECT_CONVERSION = YES_AGGRESSIVE;
				CLANG_CXX_LANGUAGE_STANDARD = "gnu++20";
				CLANG_ENABLE_MODULES = YES;
				CLANG_ENABLE_OBJC_ARC = YES;
				CLANG_ENABLE_OBJC_WEAK = YES;
				CLANG_WARN_BLOCK_CAPTURE_AUTORELEASING = YES;
				CLANG_WARN_BOOL_CONVERSION = YES;
				CLANG_WARN_COMMA = YES;
				CLANG_WARN_CONSTANT_CONVERSION = YES;
				CLANG_WARN_DEPRECATED_OBJC_IMPLEMENTATIONS = YES;
				CLANG_WARN_DIRECT_OBJC_ISA_USAGE = YES_ERROR;
				CLANG_WARN_DOCUMENTATION_COMMENTS = YES;
				CLANG_WARN_EMPTY_BODY = YES;
				CLANG_WARN_ENUM_CONVERSION = YES;
				CLANG_WARN_INFINITE_RECURSION = YES;
				CLANG_WARN_INT_CONVERSION = YES;
				CLANG_WARN_NON_LITERAL_NULL_CONVERSION = YES;
				CLANG_WARN_OBJC_IMPLICIT_RETAIN_SELF = YES;
				CLANG_WARN_OBJC_LITERAL_CONVERSION = YES;
				CLANG_WARN_OBJC_ROOT_CLASS = YES_ERROR;
				CLANG_WARN_QUOTED_INCLUDE_IN_FRAMEWORK_HEADER = YES;
				CLANG_WARN_RANGE_LOOP_ANALYSIS = YES;
				CLANG_WARN_STRICT_PROTOTYPES = YES;
				CLANG_WARN_SUSPICIOUS_MOVE = YES;
				CLANG_WARN_UNGUARDED_AVAILABILITY = YES_AGGRESSIVE;
				CLANG_WARN_UNREACHABLE_CODE = YES;
				CLANG_WARN__DUPLICATE_METHOD_MATCH = YES;
				COPY_PHASE_STRIP = NO;
				DEBUG_INFORMATION_FORMAT = dwarf;
				ENABLE_STRICT_OBJC_MSGSEND = YES;
				ENABLE_TESTABILITY = YES;
				ENABLE_USER_SCRIPT_SANDBOXING = YES;
				GCC_C_LANGUAGE_STANDARD = gnu17;
				GCC_DYNAMIC_NO_PIC = NO;
				GCC_NO_COMMON_BLOCKS = YES;
				GCC_OPTIMIZATION_LEVEL = 0;
				GCC_PREPROCESSOR_DEFINITIONS = (
					"DEBUG=1",
					"$(inherited)",
				);
				GCC_WARN_64_TO_32_BIT_CONVERSION = YES;
				GCC_WARN_ABOUT_RETURN_TYPE = YES_ERROR;
				GCC_WARN_UNDECLARED_SELECTOR = YES;
				GCC_WARN_UNINITIALIZED_AUTOS = YES_AGGRESSIVE;
				GCC_WARN_UNUSED_FUNCTION = YES;
				GCC_WARN_UNUSED_VARIABLE = YES;
				IPHONEOS_DEPLOYMENT_TARGET = 18.5;
				LOCALIZATION_PREFERS_STRING_CATALOGS = YES;
				MTL_ENABLE_DEBUG_INFO = INCLUDE_SOURCE;
				MTL_FAST_MATH = YES;
				ONLY_ACTIVE_ARCH = YES;
				SDKROOT = iphoneos;
				SWIFT_ACTIVE_COMPILATION_CONDITIONS = "DEBUG $(inherited)";
				SWIFT_OPTIMIZATION_LEVEL = "-Onone";
			};
			name = Debug;
		};
		BBFEBDA52EF8573100FDADF0 /* Release */ = {
			isa = XCBuildConfiguration;
			buildSettings = {
				ALWAYS_SEARCH_USER_PATHS = NO;
				ASSETCATALOG_COMPILER_GENERATE_SWIFT_ASSET_SYMBOL_EXTENSIONS = YES;
				CLANG_ANALYZER_NONNULL = YES;
				CLANG_ANALYZER_NUMBER_OBJECT_CONVERSION = YES_AGGRESSIVE;
				CLANG_CXX_LANGUAGE_STANDARD = "gnu++20";
				CLANG_ENABLE_MODULES = YES;
				CLANG_ENABLE_OBJC_ARC = YES;
				CLANG_ENABLE_OBJC_WEAK = YES;
				CLANG_WARN_BLOCK_CAPTURE_AUTORELEASING = YES;
				CLANG_WARN_BOOL_CONVERSION = YES;
				CLANG_WARN_COMMA = YES;
				CLANG_WARN_CONSTANT_CONVERSION = YES;
				CLANG_WARN_DEPRECATED_OBJC_IMPLEMENTATIONS = YES;
				CLANG_WARN_DIRECT_OBJC_ISA_USAGE = YES_ERROR;
				CLANG_WARN_DOCUMENTATION_COMMENTS = YES;
				CLANG_WARN_EMPTY_BODY = YES;
				CLANG_WARN_ENUM_CONVERSION = YES;
				CLANG_WARN_INFINITE_RECURSION = YES;
				CLANG_WARN_INT_CONVERSION = YES;
				CLANG_WARN_NON_LITERAL_NULL_CONVERSION = YES;
				CLANG_WARN_OBJC_IMPLICIT_RETAIN_SELF = YES;
				CLANG_WARN_OBJC_LITERAL_CONVERSION = YES;
				CLANG_WARN_OBJC_ROOT_CLASS = YES_ERROR;
				CLANG_WARN_QUOTED_INCLUDE_IN_FRAMEWORK_HEADER = YES;
				CLANG_WARN_RANGE_LOOP_ANALYSIS = YES;
				CLANG_WARN_STRICT_PROTOTYPES = YES;
				CLANG_WARN_SUSPICIOUS_MOVE = YES;
				CLANG_WARN_UNGUARDED_AVAILABILITY = YES_AGGRESSIVE;
				CLANG_WARN_UNREACHABLE_CODE = YES;
				CLANG_WARN__DUPLICATE_METHOD_MATCH = YES;
				COPY_PHASE_STRIP = NO;
				DEBUG_INFORMATION_FORMAT = "dwarf-with-dsym";
				ENABLE_NS_ASSERTIONS = NO;
				ENABLE_STRICT_OBJC_MSGSEND = YES;
				ENABLE_USER_SCRIPT_SANDBOXING = YES;
				GCC_C_LANGUAGE_STANDARD = gnu17;
				GCC_NO_COMMON_BLOCKS = YES;
				GCC_WARN_64_TO_32_BIT_CONVERSION = YES;
				GCC_WARN_ABOUT_RETURN_TYPE = YES_ERROR;
				GCC_WARN_UNDECLARED_SELECTOR = YES;
				GCC_WARN_UNINITIALIZED_AUTOS = YES_AGGRESSIVE;
				GCC_WARN_UNUSED_FUNCTION = YES;
				GCC_WARN_UNUSED_VARIABLE = YES;
				IPHONEOS_DEPLOYMENT_TARGET = 18.5;
				LOCALIZATION_PREFERS_STRING_CATALOGS = YES;
				MTL_ENABLE_DEBUG_INFO = NO;
				MTL_FAST_MATH = YES;
				SDKROOT = iphoneos;
				SWIFT_COMPILATION_MODE = wholemodule;
				VALIDATE_PRODUCT = YES;
			};
			name = Release;
		};
		BBFEBDA72EF8573100FDADF0 /* Debug */ = {
			isa = XCBuildConfiguration;
			buildSettings = {
				BUNDLE_LOADER = "$(TEST_HOST)";
				CODE_SIGN_STYLE = Automatic;
				CURRENT_PROJECT_VERSION = 1;
				GENERATE_INFOPLIST_FILE = YES;
				IPHONEOS_DEPLOYMENT_TARGET = 18.5;
				MARKETING_VERSION = 1.0;
				PRODUCT_BUNDLE_IDENTIFIER = "polytechnic.Donor-HomeTests";
				PRODUCT_NAME = "$(TARGET_NAME)";
				SWIFT_EMIT_LOC_STRINGS = NO;
				SWIFT_VERSION = 5.0;
				TARGETED_DEVICE_FAMILY = "1,2";
				TEST_HOST = "$(BUILT_PRODUCTS_DIR)/Donor Home.app/$(BUNDLE_EXECUTABLE_FOLDER_PATH)/Donor Home";
			};
			name = Debug;
		};
		BBFEBDA82EF8573100FDADF0 /* Release */ = {
			isa = XCBuildConfiguration;
			buildSettings = {
				BUNDLE_LOADER = "$(TEST_HOST)";
				CODE_SIGN_STYLE = Automatic;
				CURRENT_PROJECT_VERSION = 1;
				GENERATE_INFOPLIST_FILE = YES;
				IPHONEOS_DEPLOYMENT_TARGET = 18.5;
				MARKETING_VERSION = 1.0;
				PRODUCT_BUNDLE_IDENTIFIER = "polytechnic.Donor-HomeTests";
				PRODUCT_NAME = "$(TARGET_NAME)";
				SWIFT_EMIT_LOC_STRINGS = NO;
				SWIFT_VERSION = 5.0;
				TARGETED_DEVICE_FAMILY = "1,2";
				TEST_HOST = "$(BUILT_PRODUCTS_DIR)/Donor Home.app/$(BUNDLE_EXECUTABLE_FOLDER_PATH)/Donor Home";
			};
			name = Release;
		};
		BBFEBDAA2EF8573100FDADF0 /* Debug */ = {
			isa = XCBuildConfiguration;
			buildSettings = {
				CODE_SIGN_STYLE = Automatic;
				CURRENT_PROJECT_VERSION = 1;
				GENERATE_INFOPLIST_FILE = YES;
				MARKETING_VERSION = 1.0;
				PRODUCT_BUNDLE_IDENTIFIER = "polytechnic.Donor-HomeUITests";
				PRODUCT_NAME = "$(TARGET_NAME)";
				SWIFT_EMIT_LOC_STRINGS = NO;
				SWIFT_VERSION = 5.0;
				TARGETED_DEVICE_FAMILY = "1,2";
				TEST_TARGET_NAME = "Donor Home";
			};
			name = Debug;
		};
		BBFEBDAB2EF8573100FDADF0 /* Release */ = {
			isa = XCBuildConfiguration;
			buildSettings = {
				CODE_SIGN_STYLE = Automatic;
				CURRENT_PROJECT_VERSION = 1;
				GENERATE_INFOPLIST_FILE = YES;
				MARKETING_VERSION = 1.0;
				PRODUCT_BUNDLE_IDENTIFIER = "polytechnic.Donor-HomeUITests";
				PRODUCT_NAME = "$(TARGET_NAME)";
				SWIFT_EMIT_LOC_STRINGS = NO;
				SWIFT_VERSION = 5.0;
				TARGETED_DEVICE_FAMILY = "1,2";
				TEST_TARGET_NAME = "Donor Home";
			};
			name = Release;
		};
/* End XCBuildConfiguration section */

/* Begin XCConfigurationList section */
		BBFEBD732EF8572D00FDADF0 /* Build configuration list for PBXProject "Donor Home" */ = {
			isa = XCConfigurationList;
			buildConfigurations = (
				BBFEBDA42EF8573100FDADF0 /* Debug */,
				BBFEBDA52EF8573100FDADF0 /* Release */,
			);
			defaultConfigurationIsVisible = 0;
			defaultConfigurationName = Release;
		};
		BBFEBDA12EF8573100FDADF0 /* Build configuration list for PBXNativeTarget "Donor Home" */ = {
			isa = XCConfigurationList;
			buildConfigurations = (
				BBFEBDA22EF8573100FDADF0 /* Debug */,
				BBFEBDA32EF8573100FDADF0 /* Release */,
			);
			defaultConfigurationIsVisible = 0;
			defaultConfigurationName = Release;
		};
		BBFEBDA62EF8573100FDADF0 /* Build configuration list for PBXNativeTarget "Donor HomeTests" */ = {
			isa = XCConfigurationList;
			buildConfigurations = (
				BBFEBDA72EF8573100FDADF0 /* Debug */,
				BBFEBDA82EF8573100FDADF0 /* Release */,
			);
			defaultConfigurationIsVisible = 0;
			defaultConfigurationName = Release;
		};
		BBFEBDA92EF8573100FDADF0 /* Build configuration list for PBXNativeTarget "Donor HomeUITests" */ = {
			isa = XCConfigurationList;
			buildConfigurations = (
				BBFEBDAA2EF8573100FDADF0 /* Debug */,
				BBFEBDAB2EF8573100FDADF0 /* Release */,
			);
			defaultConfigurationIsVisible = 0;
			defaultConfigurationName = Release;
		};
/* End XCConfigurationList section */
	};
	rootObject = BBFEBD702EF8572D00FDADF0 /* Project object */;
}
