// !$*UTF8*$!
{
	archiveVersion = 1;
	classes = {
	};
	objectVersion = 70;
	objects = {

/* Begin PBXBuildFile section */
		5C9F0ED42F08958100D426CD /* FavoriteNGO.swift in Sources */ = {isa = PBXBuildFile; fileRef = 5C9F0ECE2F08958100D426CD /* FavoriteNGO.swift */; };
		5C9F0ED52F08958100D426CD /* FavoriteNGODetailsViewController.swift in Sources */ = {isa = PBXBuildFile; fileRef = 5C9F0ED02F08958100D426CD /* FavoriteNGODetailsViewController.swift */; };
		5C9F0ED62F08958100D426CD /* FavoriteNGOCell.swift in Sources */ = {isa = PBXBuildFile; fileRef = 5C9F0ECF2F08958100D426CD /* FavoriteNGOCell.swift */; };
		5C9F0ED72F08958100D426CD /* FavoriteNGOsViewController.swift in Sources */ = {isa = PBXBuildFile; fileRef = 5C9F0ED22F08958100D426CD /* FavoriteNGOsViewController.swift */; };
		5C9F0ED82F08958100D426CD /* FavoriteNGOs.storyboard in Resources */ = {isa = PBXBuildFile; fileRef = 5C9F0ED12F08958100D426CD /* FavoriteNGOs.storyboard */; };
		5C9F0ED92F08958100D426CD /* FavoriteNGOs.storyboard in Resources */ = {isa = PBXBuildFile; fileRef = 5C9F0ED12F08958100D426CD /* FavoriteNGOs.storyboard */; };
		5C9F0EDA2F08958100D426CD /* FavoriteNGO.swift in Sources */ = {isa = PBXBuildFile; fileRef = 5C9F0ECE2F08958100D426CD /* FavoriteNGO.swift */; };
		5C9F0EDB2F08958100D426CD /* FavoriteNGODetailsViewController.swift in Sources */ = {isa = PBXBuildFile; fileRef = 5C9F0ED02F08958100D426CD /* FavoriteNGODetailsViewController.swift */; };
		5C9F0EDC2F08958100D426CD /* FavoriteNGOCell.swift in Sources */ = {isa = PBXBuildFile; fileRef = 5C9F0ECF2F08958100D426CD /* FavoriteNGOCell.swift */; };
		5C9F0EDD2F08958100D426CD /* FavoriteNGOsViewController.swift in Sources */ = {isa = PBXBuildFile; fileRef = 5C9F0ED22F08958100D426CD /* FavoriteNGOsViewController.swift */; };
		5C9F0EEC2F08959A00D426CD /* NGODetailsViewController.swift in Sources */ = {isa = PBXBuildFile; fileRef = 5C9F0EE62F08959A00D426CD /* NGODetailsViewController.swift */; };
		5C9F0EED2F08959A00D426CD /* OrganizationDiscoveryViewController.swift in Sources */ = {isa = PBXBuildFile; fileRef = 5C9F0EEA2F08959A00D426CD /* OrganizationDiscoveryViewController.swift */; };
		5C9F0EEE2F08959A00D426CD /* AddReviewViewController.swift in Sources */ = {isa = PBXBuildFile; fileRef = 5C9F0EE32F08959A00D426CD /* AddReviewViewController.swift */; };
		5C9F0EEF2F08959A00D426CD /* DiscoveryNGO.swift in Sources */ = {isa = PBXBuildFile; fileRef = 5C9F0EE42F08959A00D426CD /* DiscoveryNGO.swift */; };
		5C9F0EF02F08959A00D426CD /* NGOInsightsViewController.swift in Sources */ = {isa = PBXBuildFile; fileRef = 5C9F0EE72F08959A00D426CD /* NGOInsightsViewController.swift */; };
		5C9F0EF12F08959A00D426CD /* NGOCardCell.swift in Sources */ = {isa = PBXBuildFile; fileRef = 5C9F0EE52F08959A00D426CD /* NGOCardCell.swift */; };
		5C9F0EF22F08959A00D426CD /* NGOReviewsViewController.swift in Sources */ = {isa = PBXBuildFile; fileRef = 5C9F0EE92F08959A00D426CD /* NGOReviewsViewController.swift */; };
		5C9F0EF32F08959A00D426CD /* NgoOrginzationDiscovery.storyboard in Resources */ = {isa = PBXBuildFile; fileRef = 5C9F0EE82F08959A00D426CD /* NgoOrginzationDiscovery.storyboard */; };
		5C9F0EF42F08959A00D426CD /* NgoOrginzationDiscovery.storyboard in Resources */ = {isa = PBXBuildFile; fileRef = 5C9F0EE82F08959A00D426CD /* NgoOrginzationDiscovery.storyboard */; };
		5C9F0EF52F08959A00D426CD /* NGODetailsViewController.swift in Sources */ = {isa = PBXBuildFile; fileRef = 5C9F0EE62F08959A00D426CD /* NGODetailsViewController.swift */; };
		5C9F0EF62F08959A00D426CD /* OrganizationDiscoveryViewController.swift in Sources */ = {isa = PBXBuildFile; fileRef = 5C9F0EEA2F08959A00D426CD /* OrganizationDiscoveryViewController.swift */; };
		5C9F0EF72F08959A00D426CD /* AddReviewViewController.swift in Sources */ = {isa = PBXBuildFile; fileRef = 5C9F0EE32F08959A00D426CD /* AddReviewViewController.swift */; };
		5C9F0EF82F08959A00D426CD /* DiscoveryNGO.swift in Sources */ = {isa = PBXBuildFile; fileRef = 5C9F0EE42F08959A00D426CD /* DiscoveryNGO.swift */; };
		5C9F0EF92F08959A00D426CD /* NGOInsightsViewController.swift in Sources */ = {isa = PBXBuildFile; fileRef = 5C9F0EE72F08959A00D426CD /* NGOInsightsViewController.swift */; };
		5C9F0EFA2F08959A00D426CD /* NGOCardCell.swift in Sources */ = {isa = PBXBuildFile; fileRef = 5C9F0EE52F08959A00D426CD /* NGOCardCell.swift */; };
		5C9F0EFB2F08959A00D426CD /* NGOReviewsViewController.swift in Sources */ = {isa = PBXBuildFile; fileRef = 5C9F0EE92F08959A00D426CD /* NGOReviewsViewController.swift */; };
		D54C77292EF736C60072F713 /* AppPlateFulTests.swift in Sources */ = {isa = PBXBuildFile; fileRef = D54C77282EF736C60072F713 /* AppPlateFulTests.swift */; };
		D54C77332EF736C60072F713 /* AppPlateFulUITests.swift in Sources */ = {isa = PBXBuildFile; fileRef = D54C77322EF736C60072F713 /* AppPlateFulUITests.swift */; };
		D54C77352EF736C60072F713 /* AppPlateFulUITestsLaunchTests.swift in Sources */ = {isa = PBXBuildFile; fileRef = D54C77342EF736C60072F713 /* AppPlateFulUITestsLaunchTests.swift */; };
		D58F04F12F073DC40080DF27 /* GoogleService-Info.plist in Resources */ = {isa = PBXBuildFile; fileRef = D58F04BE2F073C8A0080DF27 /* GoogleService-Info.plist */; };
		D58F04F22F073DC40080DF27 /* GoogleService-Info.plist in Resources */ = {isa = PBXBuildFile; fileRef = D58F04BE2F073C8A0080DF27 /* GoogleService-Info.plist */; };
/* End PBXBuildFile section */

/* Begin PBXFileReference section */
		5C9F0ECE2F08958100D426CD /* FavoriteNGO.swift */ = {isa = PBXFileReference; lastKnownFileType = sourcecode.swift; path = FavoriteNGO.swift; sourceTree = "<group>"; };
		5C9F0ECF2F08958100D426CD /* FavoriteNGOCell.swift */ = {isa = PBXFileReference; lastKnownFileType = sourcecode.swift; path = FavoriteNGOCell.swift; sourceTree = "<group>"; };
		5C9F0ED02F08958100D426CD /* FavoriteNGODetailsViewController.swift */ = {isa = PBXFileReference; lastKnownFileType = sourcecode.swift; path = FavoriteNGODetailsViewController.swift; sourceTree = "<group>"; };
		5C9F0ED12F08958100D426CD /* FavoriteNGOs.storyboard */ = {isa = PBXFileReference; lastKnownFileType = file.storyboard; path = FavoriteNGOs.storyboard; sourceTree = "<group>"; };
		5C9F0ED22F08958100D426CD /* FavoriteNGOsViewController.swift */ = {isa = PBXFileReference; lastKnownFileType = sourcecode.swift; path = FavoriteNGOsViewController.swift; sourceTree = "<group>"; };
		5C9F0EE32F08959A00D426CD /* AddReviewViewController.swift */ = {isa = PBXFileReference; lastKnownFileType = sourcecode.swift; path = AddReviewViewController.swift; sourceTree = "<group>"; };
		5C9F0EE42F08959A00D426CD /* DiscoveryNGO.swift */ = {isa = PBXFileReference; lastKnownFileType = sourcecode.swift; path = DiscoveryNGO.swift; sourceTree = "<group>"; };
		5C9F0EE52F08959A00D426CD /* NGOCardCell.swift */ = {isa = PBXFileReference; lastKnownFileType = sourcecode.swift; path = NGOCardCell.swift; sourceTree = "<group>"; };
		5C9F0EE62F08959A00D426CD /* NGODetailsViewController.swift */ = {isa = PBXFileReference; lastKnownFileType = sourcecode.swift; path = NGODetailsViewController.swift; sourceTree = "<group>"; };
		5C9F0EE72F08959A00D426CD /* NGOInsightsViewController.swift */ = {isa = PBXFileReference; lastKnownFileType = sourcecode.swift; path = NGOInsightsViewController.swift; sourceTree = "<group>"; };
		5C9F0EE82F08959A00D426CD /* NgoOrginzationDiscovery.storyboard */ = {isa = PBXFileReference; lastKnownFileType = file.storyboard; path = NgoOrginzationDiscovery.storyboard; sourceTree = "<group>"; };
		5C9F0EE92F08959A00D426CD /* NGOReviewsViewController.swift */ = {isa = PBXFileReference; lastKnownFileType = sourcecode.swift; path = NGOReviewsViewController.swift; sourceTree = "<group>"; };
		5C9F0EEA2F08959A00D426CD /* OrganizationDiscoveryViewController.swift */ = {isa = PBXFileReference; lastKnownFileType = sourcecode.swift; path = OrganizationDiscoveryViewController.swift; sourceTree = "<group>"; };
		D54C77112EF736C40072F713 /* AppDelegate.swift */ = {isa = PBXFileReference; lastKnownFileType = sourcecode.swift; path = AppDelegate.swift; sourceTree = "<group>"; };
		D54C77132EF736C40072F713 /* SceneDelegate.swift */ = {isa = PBXFileReference; lastKnownFileType = sourcecode.swift; path = SceneDelegate.swift; sourceTree = "<group>"; };
		D54C771A2EF736C60072F713 /* Assets.xcassets */ = {isa = PBXFileReference; lastKnownFileType = folder.assetcatalog; path = Assets.xcassets; sourceTree = "<group>"; };
		D54C771D2EF736C60072F713 /* Base */ = {isa = PBXFileReference; lastKnownFileType = file.storyboard; name = Base; path = Base.lproj/LaunchScreen.storyboard; sourceTree = "<group>"; };
		D54C771F2EF736C60072F713 /* Info.plist */ = {isa = PBXFileReference; lastKnownFileType = text.plist.xml; path = Info.plist; sourceTree = "<group>"; };
		D54C77242EF736C60072F713 /* AppPlateFulTests.xctest */ = {isa = PBXFileReference; explicitFileType = wrapper.cfbundle; includeInIndex = 0; path = AppPlateFulTests.xctest; sourceTree = BUILT_PRODUCTS_DIR; };
		D54C77282EF736C60072F713 /* AppPlateFulTests.swift */ = {isa = PBXFileReference; lastKnownFileType = sourcecode.swift; path = AppPlateFulTests.swift; sourceTree = "<group>"; };
		D54C772E2EF736C60072F713 /* AppPlateFulUITests.xctest */ = {isa = PBXFileReference; explicitFileType = wrapper.cfbundle; includeInIndex = 0; path = AppPlateFulUITests.xctest; sourceTree = BUILT_PRODUCTS_DIR; };
		D54C77322EF736C60072F713 /* AppPlateFulUITests.swift */ = {isa = PBXFileReference; lastKnownFileType = sourcecode.swift; path = AppPlateFulUITests.swift; sourceTree = "<group>"; };
		D54C77342EF736C60072F713 /* AppPlateFulUITestsLaunchTests.swift */ = {isa = PBXFileReference; lastKnownFileType = sourcecode.swift; path = AppPlateFulUITestsLaunchTests.swift; sourceTree = "<group>"; };
		D58F04BE2F073C8A0080DF27 /* GoogleService-Info.plist */ = {isa = PBXFileReference; lastKnownFileType = text.plist.xml; path = "GoogleService-Info.plist"; sourceTree = "<group>"; };
		D58F04F32F0740D60080DF27 /* FirestoreService.swift */ = {isa = PBXFileReference; lastKnownFileType = sourcecode.swift; path = FirestoreService.swift; sourceTree = "<group>"; };
		D58F04F52F080DF70080DF27 /* NGOSeeder.swift */ = {isa = PBXFileReference; lastKnownFileType = sourcecode.swift; path = NGOSeeder.swift; sourceTree = "<group>"; };
		D58F04F72F0814150080DF27 /* UserSeed.swift */ = {isa = PBXFileReference; lastKnownFileType = sourcecode.swift; path = UserSeed.swift; sourceTree = "<group>"; };
		D5F169872EFDACAA0015DFDE /* Notifications.storyboard */ = {isa = PBXFileReference; lastKnownFileType = file.storyboard; path = Notifications.storyboard; sourceTree = "<group>"; };
/* End PBXFileReference section */

/* Begin PBXFileSystemSynchronizedRootGroup section */
		D58F04942F0600090080DF27 /* Privacy Policy */ = {isa = PBXFileSystemSynchronizedRootGroup; explicitFileTypes = {}; explicitFolders = (); path = "Privacy Policy"; sourceTree = "<group>"; };
		D58F04B72F06E9E70080DF27 /* Reports 2 */ = {isa = PBXFileSystemSynchronizedRootGroup; explicitFileTypes = {}; explicitFolders = (); path = "Reports 2"; sourceTree = "<group>"; };
		D5F84D472F00522A0034CC8D /* AdminDashboard */ = {isa = PBXFileSystemSynchronizedRootGroup; explicitFileTypes = {}; explicitFolders = (); path = AdminDashboard; sourceTree = "<group>"; };
		D5F84D482F00524D0034CC8D /* NGOReview */ = {isa = PBXFileSystemSynchronizedRootGroup; explicitFileTypes = {}; explicitFolders = (); path = NGOReview; sourceTree = "<group>"; };
		D5F84D492F0052840034CC8D /* UserManagement */ = {isa = PBXFileSystemSynchronizedRootGroup; explicitFileTypes = {}; explicitFolders = (); path = UserManagement; sourceTree = "<group>"; };
		D5F84D4A2F0052AE0034CC8D /* DonationActivity */ = {isa = PBXFileSystemSynchronizedRootGroup; explicitFileTypes = {}; explicitFolders = (); path = DonationActivity; sourceTree = "<group>"; };
/* End PBXFileSystemSynchronizedRootGroup section */

/* Begin PBXFrameworksBuildPhase section */
		D54C77212EF736C60072F713 /* Frameworks */ = {
			isa = PBXFrameworksBuildPhase;
			buildActionMask = 2147483647;
			files = (
			);
			runOnlyForDeploymentPostprocessing = 0;
		};
		D54C772B2EF736C60072F713 /* Frameworks */ = {
			isa = PBXFrameworksBuildPhase;
			buildActionMask = 2147483647;
			files = (
			);
			runOnlyForDeploymentPostprocessing = 0;
		};
/* End PBXFrameworksBuildPhase section */

/* Begin PBXGroup section */
		5C9F0ED32F08958100D426CD /* FavoriteNGO */ = {
			isa = PBXGroup;
			children = (
				5C9F0ECE2F08958100D426CD /* FavoriteNGO.swift */,
				5C9F0ECF2F08958100D426CD /* FavoriteNGOCell.swift */,
				5C9F0ED02F08958100D426CD /* FavoriteNGODetailsViewController.swift */,
				5C9F0ED12F08958100D426CD /* FavoriteNGOs.storyboard */,
				5C9F0ED22F08958100D426CD /* FavoriteNGOsViewController.swift */,
			);
			path = FavoriteNGO;
			sourceTree = "<group>";
		};
		5C9F0EEB2F08959A00D426CD /* NgoOrginizationDiscovery */ = {
			isa = PBXGroup;
			children = (
				5C9F0EE32F08959A00D426CD /* AddReviewViewController.swift */,
				5C9F0EE42F08959A00D426CD /* DiscoveryNGO.swift */,
				5C9F0EE52F08959A00D426CD /* NGOCardCell.swift */,
				5C9F0EE62F08959A00D426CD /* NGODetailsViewController.swift */,
				5C9F0EE72F08959A00D426CD /* NGOInsightsViewController.swift */,
				5C9F0EE82F08959A00D426CD /* NgoOrginzationDiscovery.storyboard */,
				5C9F0EE92F08959A00D426CD /* NGOReviewsViewController.swift */,
				5C9F0EEA2F08959A00D426CD /* OrganizationDiscoveryViewController.swift */,
			);
			path = NgoOrginizationDiscovery;
			sourceTree = "<group>";
		};
		D54C77052EF736C40072F713 = {
			isa = PBXGroup;
			children = (
				5C9F0EEB2F08959A00D426CD /* NgoOrginizationDiscovery */,
				5C9F0ED32F08958100D426CD /* FavoriteNGO */,
				D58F04F32F0740D60080DF27 /* FirestoreService.swift */,
				D5F169872EFDACAA0015DFDE /* Notifications.storyboard */,
				D54C77102EF736C40072F713 /* AppPlateFul */,
				D54C77272EF736C60072F713 /* AppPlateFulTests */,
				D54C77312EF736C60072F713 /* AppPlateFulUITests */,
				D54C770F2EF736C40072F713 /* Products */,
			);
			sourceTree = "<group>";
		};
		D54C770F2EF736C40072F713 /* Products */ = {
			isa = PBXGroup;
			children = (
				D54C77242EF736C60072F713 /* AppPlateFulTests.xctest */,
				D54C772E2EF736C60072F713 /* AppPlateFulUITests.xctest */,
			);
			name = Products;
			sourceTree = "<group>";
		};
		D54C77102EF736C40072F713 /* AppPlateFul */ = {
			isa = PBXGroup;
			children = (
				D5F84D472F00522A0034CC8D /* AdminDashboard */,
				D5F84D482F00524D0034CC8D /* NGOReview */,
				D5F84D492F0052840034CC8D /* UserManagement */,
				D5F84D4A2F0052AE0034CC8D /* DonationActivity */,
				D58F04942F0600090080DF27 /* Privacy Policy */,
				D54C77132EF736C40072F713 /* SceneDelegate.swift */,
				D54C77112EF736C40072F713 /* AppDelegate.swift */,
				D54C771A2EF736C60072F713 /* Assets.xcassets */,
				D54C771C2EF736C60072F713 /* LaunchScreen.storyboard */,
				D54C771F2EF736C60072F713 /* Info.plist */,
				D58F04B72F06E9E70080DF27 /* Reports 2 */,
				D58F04F52F080DF70080DF27 /* NGOSeeder.swift */,
				D58F04F72F0814150080DF27 /* UserSeed.swift */,
			);
			path = AppPlateFul;
			sourceTree = "<group>";
		};
		D54C77272EF736C60072F713 /* AppPlateFulTests */ = {
			isa = PBXGroup;
			children = (
				D54C77282EF736C60072F713 /* AppPlateFulTests.swift */,
			);
			path = AppPlateFulTests;
			sourceTree = "<group>";
		};
		D54C77312EF736C60072F713 /* AppPlateFulUITests */ = {
			isa = PBXGroup;
			children = (
				D58F04BE2F073C8A0080DF27 /* GoogleService-Info.plist */,
				D54C77322EF736C60072F713 /* AppPlateFulUITests.swift */,
				D54C77342EF736C60072F713 /* AppPlateFulUITestsLaunchTests.swift */,
			);
			path = AppPlateFulUITests;
			sourceTree = "<group>";
		};
/* End PBXGroup section */

/* Begin PBXNativeTarget section */
		D54C77232EF736C60072F713 /* AppPlateFulTests */ = {
			isa = PBXNativeTarget;
			buildConfigurationList = D54C773B2EF736C60072F713 /* Build configuration list for PBXNativeTarget "AppPlateFulTests" */;
			buildPhases = (
				D54C77202EF736C60072F713 /* Sources */,
				D54C77212EF736C60072F713 /* Frameworks */,
				D54C77222EF736C60072F713 /* Resources */,
			);
			buildRules = (
			);
			dependencies = (
			);
			name = AppPlateFulTests;
			productName = AppPlateFulTests;
			productReference = D54C77242EF736C60072F713 /* AppPlateFulTests.xctest */;
			productType = "com.apple.product-type.bundle.unit-test";
		};
		D54C772D2EF736C60072F713 /* AppPlateFulUITests */ = {
			isa = PBXNativeTarget;
			buildConfigurationList = D54C773E2EF736C60072F713 /* Build configuration list for PBXNativeTarget "AppPlateFulUITests" */;
			buildPhases = (
				D54C772A2EF736C60072F713 /* Sources */,
				D54C772B2EF736C60072F713 /* Frameworks */,
				D54C772C2EF736C60072F713 /* Resources */,
			);
			buildRules = (
			);
			dependencies = (
			);
			name = AppPlateFulUITests;
			productName = AppPlateFulUITests;
			productReference = D54C772E2EF736C60072F713 /* AppPlateFulUITests.xctest */;
			productType = "com.apple.product-type.bundle.ui-testing";
		};
/* End PBXNativeTarget section */

/* Begin PBXProject section */
		D54C77062EF736C40072F713 /* Project object */ = {
			isa = PBXProject;
			attributes = {
				BuildIndependentTargetsInParallel = 1;
				LastSwiftUpdateCheck = 1540;
				LastUpgradeCheck = 2620;
				TargetAttributes = {
					D54C77232EF736C60072F713 = {
						CreatedOnToolsVersion = 15.4;
						TestTargetID = D54C770D2EF736C40072F713;
					};
					D54C772D2EF736C60072F713 = {
						CreatedOnToolsVersion = 15.4;
						TestTargetID = D54C770D2EF736C40072F713;
					};
				};
			};
			buildConfigurationList = D54C77092EF736C40072F713 /* Build configuration list for PBXProject "AppPlateFul" */;
			compatibilityVersion = "Xcode 14.0";
			developmentRegion = en;
			hasScannedForEncodings = 0;
			knownRegions = (
				en,
				Base,
			);
			mainGroup = D54C77052EF736C40072F713;
			packageReferences = (
				D58F04C02F073DBB0080DF27 /* XCRemoteSwiftPackageReference "firebase-ios-sdk" */,
			);
			productRefGroup = D54C770F2EF736C40072F713 /* Products */;
			projectDirPath = "";
			projectRoot = "";
			targets = (
				D54C77232EF736C60072F713 /* AppPlateFulTests */,
				D54C772D2EF736C60072F713 /* AppPlateFulUITests */,
			);
		};
/* End PBXProject section */

/* Begin PBXResourcesBuildPhase section */
		D54C77222EF736C60072F713 /* Resources */ = {
			isa = PBXResourcesBuildPhase;
			buildActionMask = 2147483647;
			files = (
				5C9F0EF32F08959A00D426CD /* NgoOrginzationDiscovery.storyboard in Resources */,
				D58F04F12F073DC40080DF27 /* GoogleService-Info.plist in Resources */,
				5C9F0ED82F08958100D426CD /* FavoriteNGOs.storyboard in Resources */,
			);
			runOnlyForDeploymentPostprocessing = 0;
		};
		D54C772C2EF736C60072F713 /* Resources */ = {
			isa = PBXResourcesBuildPhase;
			buildActionMask = 2147483647;
			files = (
				5C9F0EF42F08959A00D426CD /* NgoOrginzationDiscovery.storyboard in Resources */,
				D58F04F22F073DC40080DF27 /* GoogleService-Info.plist in Resources */,
				5C9F0ED92F08958100D426CD /* FavoriteNGOs.storyboard in Resources */,
			);
			runOnlyForDeploymentPostprocessing = 0;
		};
/* End PBXResourcesBuildPhase section */

/* Begin PBXSourcesBuildPhase section */
		D54C77202EF736C60072F713 /* Sources */ = {
			isa = PBXSourcesBuildPhase;
			buildActionMask = 2147483647;
			files = (
				D54C77292EF736C60072F713 /* AppPlateFulTests.swift in Sources */,
				5C9F0ED42F08958100D426CD /* FavoriteNGO.swift in Sources */,
				5C9F0ED52F08958100D426CD /* FavoriteNGODetailsViewController.swift in Sources */,
				5C9F0ED62F08958100D426CD /* FavoriteNGOCell.swift in Sources */,
				5C9F0ED72F08958100D426CD /* FavoriteNGOsViewController.swift in Sources */,
				5C9F0EEC2F08959A00D426CD /* NGODetailsViewController.swift in Sources */,
				5C9F0EED2F08959A00D426CD /* OrganizationDiscoveryViewController.swift in Sources */,
				5C9F0EEE2F08959A00D426CD /* AddReviewViewController.swift in Sources */,
				5C9F0EEF2F08959A00D426CD /* DiscoveryNGO.swift in Sources */,
				5C9F0EF02F08959A00D426CD /* NGOInsightsViewController.swift in Sources */,
				5C9F0EF12F08959A00D426CD /* NGOCardCell.swift in Sources */,
				5C9F0EF22F08959A00D426CD /* NGOReviewsViewController.swift in Sources */,
			);
			runOnlyForDeploymentPostprocessing = 0;
		};
		D54C772A2EF736C60072F713 /* Sources */ = {
			isa = PBXSourcesBuildPhase;
			buildActionMask = 2147483647;
			files = (
				5C9F0EDA2F08958100D426CD /* FavoriteNGO.swift in Sources */,
				5C9F0EDB2F08958100D426CD /* FavoriteNGODetailsViewController.swift in Sources */,
				5C9F0EDC2F08958100D426CD /* FavoriteNGOCell.swift in Sources */,
				5C9F0EDD2F08958100D426CD /* FavoriteNGOsViewController.swift in Sources */,
				D54C77332EF736C60072F713 /* AppPlateFulUITests.swift in Sources */,
				5C9F0EF52F08959A00D426CD /* NGODetailsViewController.swift in Sources */,
				5C9F0EF62F08959A00D426CD /* OrganizationDiscoveryViewController.swift in Sources */,
				5C9F0EF72F08959A00D426CD /* AddReviewViewController.swift in Sources */,
				5C9F0EF82F08959A00D426CD /* DiscoveryNGO.swift in Sources */,
				5C9F0EF92F08959A00D426CD /* NGOInsightsViewController.swift in Sources */,
				5C9F0EFA2F08959A00D426CD /* NGOCardCell.swift in Sources */,
				5C9F0EFB2F08959A00D426CD /* NGOReviewsViewController.swift in Sources */,
				D54C77352EF736C60072F713 /* AppPlateFulUITestsLaunchTests.swift in Sources */,
			);
			runOnlyForDeploymentPostprocessing = 0;
		};
/* End PBXSourcesBuildPhase section */

/* Begin PBXVariantGroup section */
		D54C771C2EF736C60072F713 /* LaunchScreen.storyboard */ = {
			isa = PBXVariantGroup;
			children = (
				D54C771D2EF736C60072F713 /* Base */,
			);
			name = LaunchScreen.storyboard;
			sourceTree = "<group>";
		};
/* End PBXVariantGroup section */

/* Begin XCBuildConfiguration section */
		D54C77362EF736C60072F713 /* Debug */ = {
			isa = XCBuildConfiguration;
			buildSettings = {
				ALWAYS_SEARCH_USER_PATHS = NO;
				ASSETCATALOG_COMPILER_GENERATE_SWIFT_ASSET_SYMBOL_EXTENSIONS = YES;
				CLANG_ANALYZER_NONNULL = YES;
				CLANG_ANALYZER_NUMBER_OBJECT_CONVERSION = YES_AGGRESSIVE;
				CLANG_CXX_LANGUAGE_STANDARD = "gnu++20";
				CLANG_ENABLE_MODULES = YES;
				CLANG_ENABLE_OBJC_ARC = YES;
				CLANG_ENABLE_OBJC_WEAK = YES;
				CLANG_WARN_BLOCK_CAPTURE_AUTORELEASING = YES;
				CLANG_WARN_BOOL_CONVERSION = YES;
				CLANG_WARN_COMMA = YES;
				CLANG_WARN_CONSTANT_CONVERSION = YES;
				CLANG_WARN_DEPRECATED_OBJC_IMPLEMENTATIONS = YES;
				CLANG_WARN_DIRECT_OBJC_ISA_USAGE = YES_ERROR;
				CLANG_WARN_DOCUMENTATION_COMMENTS = YES;
				CLANG_WARN_EMPTY_BODY = YES;
				CLANG_WARN_ENUM_CONVERSION = YES;
				CLANG_WARN_INFINITE_RECURSION = YES;
				CLANG_WARN_INT_CONVERSION = YES;
				CLANG_WARN_NON_LITERAL_NULL_CONVERSION = YES;
				CLANG_WARN_OBJC_IMPLICIT_RETAIN_SELF = YES;
				CLANG_WARN_OBJC_LITERAL_CONVERSION = YES;
				CLANG_WARN_OBJC_ROOT_CLASS = YES_ERROR;
				CLANG_WARN_QUOTED_INCLUDE_IN_FRAMEWORK_HEADER = YES;
				CLANG_WARN_RANGE_LOOP_ANALYSIS = YES;
				CLANG_WARN_STRICT_PROTOTYPES = YES;
				CLANG_WARN_SUSPICIOUS_MOVE = YES;
				CLANG_WARN_UNGUARDED_AVAILABILITY = YES_AGGRESSIVE;
				CLANG_WARN_UNREACHABLE_CODE = YES;
				CLANG_WARN__DUPLICATE_METHOD_MATCH = YES;
				COPY_PHASE_STRIP = NO;
				DEBUG_INFORMATION_FORMAT = dwarf;
				ENABLE_STRICT_OBJC_MSGSEND = YES;
				ENABLE_TESTABILITY = YES;
				ENABLE_USER_SCRIPT_SANDBOXING = YES;
				GCC_C_LANGUAGE_STANDARD = gnu17;
				GCC_DYNAMIC_NO_PIC = NO;
				GCC_NO_COMMON_BLOCKS = YES;
				GCC_OPTIMIZATION_LEVEL = 0;
				GCC_PREPROCESSOR_DEFINITIONS = (
					"DEBUG=1",
					"$(inherited)",
				);
				GCC_WARN_64_TO_32_BIT_CONVERSION = YES;
				GCC_WARN_ABOUT_RETURN_TYPE = YES_ERROR;
				GCC_WARN_UNDECLARED_SELECTOR = YES;
				GCC_WARN_UNINITIALIZED_AUTOS = YES_AGGRESSIVE;
				GCC_WARN_UNUSED_FUNCTION = YES;
				GCC_WARN_UNUSED_VARIABLE = YES;
				IPHONEOS_DEPLOYMENT_TARGET = 15.0;
				LOCALIZATION_PREFERS_STRING_CATALOGS = YES;
				MTL_ENABLE_DEBUG_INFO = INCLUDE_SOURCE;
				MTL_FAST_MATH = YES;
				ONLY_ACTIVE_ARCH = YES;
				SDKROOT = iphoneos;
				STRING_CATALOG_GENERATE_SYMBOLS = YES;
				SWIFT_ACTIVE_COMPILATION_CONDITIONS = "DEBUG $(inherited)";
				SWIFT_OPTIMIZATION_LEVEL = "-Onone";
			};
			name = Debug;
		};
		D54C77372EF736C60072F713 /* Release */ = {
			isa = XCBuildConfiguration;
			buildSettings = {
				ALWAYS_SEARCH_USER_PATHS = NO;
				ASSETCATALOG_COMPILER_GENERATE_SWIFT_ASSET_SYMBOL_EXTENSIONS = YES;
				CLANG_ANALYZER_NONNULL = YES;
				CLANG_ANALYZER_NUMBER_OBJECT_CONVERSION = YES_AGGRESSIVE;
				CLANG_CXX_LANGUAGE_STANDARD = "gnu++20";
				CLANG_ENABLE_MODULES = YES;
				CLANG_ENABLE_OBJC_ARC = YES;
				CLANG_ENABLE_OBJC_WEAK = YES;
				CLANG_WARN_BLOCK_CAPTURE_AUTORELEASING = YES;
				CLANG_WARN_BOOL_CONVERSION = YES;
				CLANG_WARN_COMMA = YES;
				CLANG_WARN_CONSTANT_CONVERSION = YES;
				CLANG_WARN_DEPRECATED_OBJC_IMPLEMENTATIONS = YES;
				CLANG_WARN_DIRECT_OBJC_ISA_USAGE = YES_ERROR;
				CLANG_WARN_DOCUMENTATION_COMMENTS = YES;
				CLANG_WARN_EMPTY_BODY = YES;
				CLANG_WARN_ENUM_CONVERSION = YES;
				CLANG_WARN_INFINITE_RECURSION = YES;
				CLANG_WARN_INT_CONVERSION = YES;
				CLANG_WARN_NON_LITERAL_NULL_CONVERSION = YES;
				CLANG_WARN_OBJC_IMPLICIT_RETAIN_SELF = YES;
				CLANG_WARN_OBJC_LITERAL_CONVERSION = YES;
				CLANG_WARN_OBJC_ROOT_CLASS = YES_ERROR;
				CLANG_WARN_QUOTED_INCLUDE_IN_FRAMEWORK_HEADER = YES;
				CLANG_WARN_RANGE_LOOP_ANALYSIS = YES;
				CLANG_WARN_STRICT_PROTOTYPES = YES;
				CLANG_WARN_SUSPICIOUS_MOVE = YES;
				CLANG_WARN_UNGUARDED_AVAILABILITY = YES_AGGRESSIVE;
				CLANG_WARN_UNREACHABLE_CODE = YES;
				CLANG_WARN__DUPLICATE_METHOD_MATCH = YES;
				COPY_PHASE_STRIP = NO;
				DEBUG_INFORMATION_FORMAT = "dwarf-with-dsym";
				ENABLE_NS_ASSERTIONS = NO;
				ENABLE_STRICT_OBJC_MSGSEND = YES;
				ENABLE_USER_SCRIPT_SANDBOXING = YES;
				GCC_C_LANGUAGE_STANDARD = gnu17;
				GCC_NO_COMMON_BLOCKS = YES;
				GCC_WARN_64_TO_32_BIT_CONVERSION = YES;
				GCC_WARN_ABOUT_RETURN_TYPE = YES_ERROR;
				GCC_WARN_UNDECLARED_SELECTOR = YES;
				GCC_WARN_UNINITIALIZED_AUTOS = YES_AGGRESSIVE;
				GCC_WARN_UNUSED_FUNCTION = YES;
				GCC_WARN_UNUSED_VARIABLE = YES;
				IPHONEOS_DEPLOYMENT_TARGET = 15.0;
				LOCALIZATION_PREFERS_STRING_CATALOGS = YES;
				MTL_ENABLE_DEBUG_INFO = NO;
				MTL_FAST_MATH = YES;
				SDKROOT = iphoneos;
				STRING_CATALOG_GENERATE_SYMBOLS = YES;
				SWIFT_COMPILATION_MODE = wholemodule;
				VALIDATE_PRODUCT = YES;
			};
			name = Release;
		};
		D54C773C2EF736C60072F713 /* Debug */ = {
			isa = XCBuildConfiguration;
			buildSettings = {
				BUNDLE_LOADER = "$(TEST_HOST)";
				CODE_SIGN_STYLE = Automatic;
				CURRENT_PROJECT_VERSION = 1;
				GENERATE_INFOPLIST_FILE = YES;
				IPHONEOS_DEPLOYMENT_TARGET = 17.5;
				MARKETING_VERSION = 1.0;
				PRODUCT_BUNDLE_IDENTIFIER = com.hassan.AppPlateFulTests;
				PRODUCT_NAME = "$(TARGET_NAME)";
				SWIFT_EMIT_LOC_STRINGS = NO;
				SWIFT_VERSION = 5.0;
				TARGETED_DEVICE_FAMILY = "1,2";
				TEST_HOST = "$(BUILT_PRODUCTS_DIR)/AppPlateFul.app/$(BUNDLE_EXECUTABLE_FOLDER_PATH)/AppPlateFul";
			};
			name = Debug;
		};
		D54C773D2EF736C60072F713 /* Release */ = {
			isa = XCBuildConfiguration;
			buildSettings = {
				BUNDLE_LOADER = "$(TEST_HOST)";
				CODE_SIGN_STYLE = Automatic;
				CURRENT_PROJECT_VERSION = 1;
				GENERATE_INFOPLIST_FILE = YES;
				IPHONEOS_DEPLOYMENT_TARGET = 17.5;
				MARKETING_VERSION = 1.0;
				PRODUCT_BUNDLE_IDENTIFIER = com.hassan.AppPlateFulTests;
				PRODUCT_NAME = "$(TARGET_NAME)";
				SWIFT_EMIT_LOC_STRINGS = NO;
				SWIFT_VERSION = 5.0;
				TARGETED_DEVICE_FAMILY = "1,2";
				TEST_HOST = "$(BUILT_PRODUCTS_DIR)/AppPlateFul.app/$(BUNDLE_EXECUTABLE_FOLDER_PATH)/AppPlateFul";
			};
			name = Release;
		};
		D54C773F2EF736C60072F713 /* Debug */ = {
			isa = XCBuildConfiguration;
			buildSettings = {
				CODE_SIGN_STYLE = Automatic;
				CURRENT_PROJECT_VERSION = 1;
				GENERATE_INFOPLIST_FILE = YES;
				MARKETING_VERSION = 1.0;
				PRODUCT_BUNDLE_IDENTIFIER = com.hassan.AppPlateFulUITests;
				PRODUCT_NAME = "$(TARGET_NAME)";
				SWIFT_EMIT_LOC_STRINGS = NO;
				SWIFT_VERSION = 5.0;
				TARGETED_DEVICE_FAMILY = "1,2";
				TEST_TARGET_NAME = AppPlateFul;
			};
			name = Debug;
		};
		D54C77402EF736C60072F713 /* Release */ = {
			isa = XCBuildConfiguration;
			buildSettings = {
				CODE_SIGN_STYLE = Automatic;
				CURRENT_PROJECT_VERSION = 1;
				GENERATE_INFOPLIST_FILE = YES;
				MARKETING_VERSION = 1.0;
				PRODUCT_BUNDLE_IDENTIFIER = com.hassan.AppPlateFulUITests;
				PRODUCT_NAME = "$(TARGET_NAME)";
				SWIFT_EMIT_LOC_STRINGS = NO;
				SWIFT_VERSION = 5.0;
				TARGETED_DEVICE_FAMILY = "1,2";
				TEST_TARGET_NAME = AppPlateFul;
			};
			name = Release;
		};
/* End XCBuildConfiguration section */

/* Begin XCConfigurationList section */
		D54C77092EF736C40072F713 /* Build configuration list for PBXProject "AppPlateFul" */ = {
			isa = XCConfigurationList;
			buildConfigurations = (
				D54C77362EF736C60072F713 /* Debug */,
				D54C77372EF736C60072F713 /* Release */,
			);
			defaultConfigurationIsVisible = 0;
			defaultConfigurationName = Release;
		};
		D54C773B2EF736C60072F713 /* Build configuration list for PBXNativeTarget "AppPlateFulTests" */ = {
			isa = XCConfigurationList;
			buildConfigurations = (
				D54C773C2EF736C60072F713 /* Debug */,
				D54C773D2EF736C60072F713 /* Release */,
			);
			defaultConfigurationIsVisible = 0;
			defaultConfigurationName = Release;
		};
		D54C773E2EF736C60072F713 /* Build configuration list for PBXNativeTarget "AppPlateFulUITests" */ = {
			isa = XCConfigurationList;
			buildConfigurations = (
				D54C773F2EF736C60072F713 /* Debug */,
				D54C77402EF736C60072F713 /* Release */,
			);
			defaultConfigurationIsVisible = 0;
			defaultConfigurationName = Release;
		};
/* End XCConfigurationList section */

/* Begin XCRemoteSwiftPackageReference section */
		D58F04C02F073DBB0080DF27 /* XCRemoteSwiftPackageReference "firebase-ios-sdk" */ = {
			isa = XCRemoteSwiftPackageReference;
			repositoryURL = "https://github.com/firebase/firebase-ios-sdk.git";
			requirement = {
				kind = upToNextMajorVersion;
				minimumVersion = 12.7.0;
			};
		};
/* End XCRemoteSwiftPackageReference section */
	};
	rootObject = D54C77062EF736C40072F713 /* Project object */;
}
