// !$*UTF8*$!
{
	archiveVersion = 1;
	classes = {
	};
	objectVersion = 70;
	objects = {

/* Begin PBXBuildFile section */
		D54C77122EF736C40072F713 /* AppDelegate.swift in Sources */ = {isa = PBXBuildFile; fileRef = D54C77112EF736C40072F713 /* AppDelegate.swift */; };
		D54C77142EF736C40072F713 /* SceneDelegate.swift in Sources */ = {isa = PBXBuildFile; fileRef = D54C77132EF736C40072F713 /* SceneDelegate.swift */; };
		D54C77192EF736C40072F713 /* Base in Resources */ = {isa = PBXBuildFile; fileRef = D54C77182EF736C40072F713 /* Base */; };
		D54C771B2EF736C60072F713 /* Assets.xcassets in Resources */ = {isa = PBXBuildFile; fileRef = D54C771A2EF736C60072F713 /* Assets.xcassets */; };
		D54C771E2EF736C60072F713 /* Base in Resources */ = {isa = PBXBuildFile; fileRef = D54C771D2EF736C60072F713 /* Base */; };
		D54C77292EF736C60072F713 /* AppPlateFulTests.swift in Sources */ = {isa = PBXBuildFile; fileRef = D54C77282EF736C60072F713 /* AppPlateFulTests.swift */; };
		D54C77332EF736C60072F713 /* AppPlateFulUITests.swift in Sources */ = {isa = PBXBuildFile; fileRef = D54C77322EF736C60072F713 /* AppPlateFulUITests.swift */; };
		D54C77352EF736C60072F713 /* AppPlateFulUITestsLaunchTests.swift in Sources */ = {isa = PBXBuildFile; fileRef = D54C77342EF736C60072F713 /* AppPlateFulUITestsLaunchTests.swift */; };
		D58F04BF2F073C8A0080DF27 /* GoogleService-Info.plist in Resources */ = {isa = PBXBuildFile; fileRef = D58F04BE2F073C8A0080DF27 /* GoogleService-Info.plist */; };
		D58F04C22F073DBB0080DF27 /* FirebaseAI in Frameworks */ = {isa = PBXBuildFile; productRef = D58F04C12F073DBB0080DF27 /* FirebaseAI */; };
		D58F04C42F073DBB0080DF27 /* FirebaseAILogic in Frameworks */ = {isa = PBXBuildFile; productRef = D58F04C32F073DBB0080DF27 /* FirebaseAILogic */; };
		D58F04C62F073DBB0080DF27 /* FirebaseAnalytics in Frameworks */ = {isa = PBXBuildFile; productRef = D58F04C52F073DBB0080DF27 /* FirebaseAnalytics */; };
		D58F04C82F073DBB0080DF27 /* FirebaseAnalyticsCore in Frameworks */ = {isa = PBXBuildFile; productRef = D58F04C72F073DBB0080DF27 /* FirebaseAnalyticsCore */; };
		D58F04CA2F073DBB0080DF27 /* FirebaseAnalyticsIdentitySupport in Frameworks */ = {isa = PBXBuildFile; productRef = D58F04C92F073DBB0080DF27 /* FirebaseAnalyticsIdentitySupport */; };
		D58F04CC2F073DBB0080DF27 /* FirebaseAppCheck in Frameworks */ = {isa = PBXBuildFile; productRef = D58F04CB2F073DBB0080DF27 /* FirebaseAppCheck */; };
		D58F04CE2F073DBB0080DF27 /* FirebaseAppDistribution-Beta in Frameworks */ = {isa = PBXBuildFile; productRef = D58F04CD2F073DBB0080DF27 /* FirebaseAppDistribution-Beta */; };
		D58F04D02F073DBB0080DF27 /* FirebaseAuth in Frameworks */ = {isa = PBXBuildFile; productRef = D58F04CF2F073DBB0080DF27 /* FirebaseAuth */; };
		D58F04D22F073DBB0080DF27 /* FirebaseAuthCombine-Community in Frameworks */ = {isa = PBXBuildFile; productRef = D58F04D12F073DBB0080DF27 /* FirebaseAuthCombine-Community */; };
		D58F04D42F073DBB0080DF27 /* FirebaseCore in Frameworks */ = {isa = PBXBuildFile; productRef = D58F04D32F073DBB0080DF27 /* FirebaseCore */; };
		D58F04D62F073DBB0080DF27 /* FirebaseCrashlytics in Frameworks */ = {isa = PBXBuildFile; productRef = D58F04D52F073DBB0080DF27 /* FirebaseCrashlytics */; };
		D58F04D82F073DBB0080DF27 /* FirebaseDatabase in Frameworks */ = {isa = PBXBuildFile; productRef = D58F04D72F073DBB0080DF27 /* FirebaseDatabase */; };
		D58F04DA2F073DBB0080DF27 /* FirebaseFirestore in Frameworks */ = {isa = PBXBuildFile; productRef = D58F04D92F073DBB0080DF27 /* FirebaseFirestore */; };
		D58F04DC2F073DBB0080DF27 /* FirebaseFirestoreCombine-Community in Frameworks */ = {isa = PBXBuildFile; productRef = D58F04DB2F073DBB0080DF27 /* FirebaseFirestoreCombine-Community */; };
		D58F04DE2F073DBB0080DF27 /* FirebaseFunctions in Frameworks */ = {isa = PBXBuildFile; productRef = D58F04DD2F073DBB0080DF27 /* FirebaseFunctions */; };
		D58F04E02F073DBB0080DF27 /* FirebaseFunctionsCombine-Community in Frameworks */ = {isa = PBXBuildFile; productRef = D58F04DF2F073DBB0080DF27 /* FirebaseFunctionsCombine-Community */; };
		D58F04E22F073DBB0080DF27 /* FirebaseInAppMessaging-Beta in Frameworks */ = {isa = PBXBuildFile; productRef = D58F04E12F073DBB0080DF27 /* FirebaseInAppMessaging-Beta */; };
		D58F04E42F073DBB0080DF27 /* FirebaseInstallations in Frameworks */ = {isa = PBXBuildFile; productRef = D58F04E32F073DBB0080DF27 /* FirebaseInstallations */; };
		D58F04E62F073DBB0080DF27 /* FirebaseMLModelDownloader in Frameworks */ = {isa = PBXBuildFile; productRef = D58F04E52F073DBB0080DF27 /* FirebaseMLModelDownloader */; };
		D58F04E82F073DBB0080DF27 /* FirebaseMessaging in Frameworks */ = {isa = PBXBuildFile; productRef = D58F04E72F073DBB0080DF27 /* FirebaseMessaging */; };
		D58F04EA2F073DBB0080DF27 /* FirebasePerformance in Frameworks */ = {isa = PBXBuildFile; productRef = D58F04E92F073DBB0080DF27 /* FirebasePerformance */; };
		D58F04EC2F073DBB0080DF27 /* FirebaseRemoteConfig in Frameworks */ = {isa = PBXBuildFile; productRef = D58F04EB2F073DBB0080DF27 /* FirebaseRemoteConfig */; };
		D58F04EE2F073DBB0080DF27 /* FirebaseStorage in Frameworks */ = {isa = PBXBuildFile; productRef = D58F04ED2F073DBB0080DF27 /* FirebaseStorage */; };
		D58F04F02F073DBB0080DF27 /* FirebaseStorageCombine-Community in Frameworks */ = {isa = PBXBuildFile; productRef = D58F04EF2F073DBB0080DF27 /* FirebaseStorageCombine-Community */; };
		D58F04F12F073DC40080DF27 /* GoogleService-Info.plist in Resources */ = {isa = PBXBuildFile; fileRef = D58F04BE2F073C8A0080DF27 /* GoogleService-Info.plist */; };
		D58F04F22F073DC40080DF27 /* GoogleService-Info.plist in Resources */ = {isa = PBXBuildFile; fileRef = D58F04BE2F073C8A0080DF27 /* GoogleService-Info.plist */; };
		D58F04F42F0740D60080DF27 /* FirestoreService.swift in Sources */ = {isa = PBXBuildFile; fileRef = D58F04F32F0740D60080DF27 /* FirestoreService.swift */; };
		D5F169882EFDACAA0015DFDE /* Notifications.storyboard in Resources */ = {isa = PBXBuildFile; fileRef = D5F169872EFDACAA0015DFDE /* Notifications.storyboard */; };
/* End PBXBuildFile section */

/* Begin PBXContainerItemProxy section */
		D54C77252EF736C60072F713 /* PBXContainerItemProxy */ = {
			isa = PBXContainerItemProxy;
			containerPortal = D54C77062EF736C40072F713 /* Project object */;
			proxyType = 1;
			remoteGlobalIDString = D54C770D2EF736C40072F713;
			remoteInfo = AppPlateFul;
		};
		D54C772F2EF736C60072F713 /* PBXContainerItemProxy */ = {
			isa = PBXContainerItemProxy;
			containerPortal = D54C77062EF736C40072F713 /* Project object */;
			proxyType = 1;
			remoteGlobalIDString = D54C770D2EF736C40072F713;
			remoteInfo = AppPlateFul;
		};
/* End PBXContainerItemProxy section */

/* Begin PBXFileReference section */
		D54C770E2EF736C40072F713 /* AppPlateFul.app */ = {isa = PBXFileReference; explicitFileType = wrapper.application; includeInIndex = 0; path = AppPlateFul.app; sourceTree = BUILT_PRODUCTS_DIR; };
		D54C77112EF736C40072F713 /* AppDelegate.swift */ = {isa = PBXFileReference; lastKnownFileType = sourcecode.swift; path = AppDelegate.swift; sourceTree = "<group>"; };
		D54C77132EF736C40072F713 /* SceneDelegate.swift */ = {isa = PBXFileReference; lastKnownFileType = sourcecode.swift; path = SceneDelegate.swift; sourceTree = "<group>"; };
		D54C77182EF736C40072F713 /* Base */ = {isa = PBXFileReference; lastKnownFileType = file.storyboard; name = Base; path = Base.lproj/Main.storyboard; sourceTree = "<group>"; };
		D54C771A2EF736C60072F713 /* Assets.xcassets */ = {isa = PBXFileReference; lastKnownFileType = folder.assetcatalog; path = Assets.xcassets; sourceTree = "<group>"; };
		D54C771D2EF736C60072F713 /* Base */ = {isa = PBXFileReference; lastKnownFileType = file.storyboard; name = Base; path = Base.lproj/LaunchScreen.storyboard; sourceTree = "<group>"; };
		D54C771F2EF736C60072F713 /* Info.plist */ = {isa = PBXFileReference; lastKnownFileType = text.plist.xml; path = Info.plist; sourceTree = "<group>"; };
		D54C77242EF736C60072F713 /* AppPlateFulTests.xctest */ = {isa = PBXFileReference; explicitFileType = wrapper.cfbundle; includeInIndex = 0; path = AppPlateFulTests.xctest; sourceTree = BUILT_PRODUCTS_DIR; };
		D54C77282EF736C60072F713 /* AppPlateFulTests.swift */ = {isa = PBXFileReference; lastKnownFileType = sourcecode.swift; path = AppPlateFulTests.swift; sourceTree = "<group>"; };
		D54C772E2EF736C60072F713 /* AppPlateFulUITests.xctest */ = {isa = PBXFileReference; explicitFileType = wrapper.cfbundle; includeInIndex = 0; path = AppPlateFulUITests.xctest; sourceTree = BUILT_PRODUCTS_DIR; };
		D54C77322EF736C60072F713 /* AppPlateFulUITests.swift */ = {isa = PBXFileReference; lastKnownFileType = sourcecode.swift; path = AppPlateFulUITests.swift; sourceTree = "<group>"; };
		D54C77342EF736C60072F713 /* AppPlateFulUITestsLaunchTests.swift */ = {isa = PBXFileReference; lastKnownFileType = sourcecode.swift; path = AppPlateFulUITestsLaunchTests.swift; sourceTree = "<group>"; };
		D58F04BE2F073C8A0080DF27 /* GoogleService-Info.plist */ = {isa = PBXFileReference; lastKnownFileType = text.plist.xml; path = "GoogleService-Info.plist"; sourceTree = "<group>"; };
		D58F04F32F0740D60080DF27 /* FirestoreService.swift */ = {isa = PBXFileReference; lastKnownFileType = sourcecode.swift; path = FirestoreService.swift; sourceTree = "<group>"; };
		D5F169872EFDACAA0015DFDE /* Notifications.storyboard */ = {isa = PBXFileReference; lastKnownFileType = file.storyboard; path = Notifications.storyboard; sourceTree = "<group>"; };
/* End PBXFileReference section */

/* Begin PBXFileSystemSynchronizedBuildFileExceptionSet section */
		5C8053042F081F2500ACF25F /* PBXFileSystemSynchronizedBuildFileExceptionSet */ = {
			isa = PBXFileSystemSynchronizedBuildFileExceptionSet;
			membershipExceptions = (
				FavoriteNGO.swift,
				FavoriteNGOCell.swift,
				FavoriteNGODetailsViewController.swift,
				FavoriteNGOs.storyboard,
				FavoriteNGOsViewController.swift,
			);
			target = D54C77232EF736C60072F713 /* AppPlateFulTests */;
		};
		5C8053052F081F2500ACF25F /* PBXFileSystemSynchronizedBuildFileExceptionSet */ = {
			isa = PBXFileSystemSynchronizedBuildFileExceptionSet;
			membershipExceptions = (
				FavoriteNGO.swift,
				FavoriteNGOCell.swift,
				FavoriteNGODetailsViewController.swift,
				FavoriteNGOs.storyboard,
				FavoriteNGOsViewController.swift,
			);
			target = D54C772D2EF736C60072F713 /* AppPlateFulUITests */;
		};
		5C8053082F081FAB00ACF25F /* PBXFileSystemSynchronizedBuildFileExceptionSet */ = {
			isa = PBXFileSystemSynchronizedBuildFileExceptionSet;
			membershipExceptions = (
				AddReviewViewController.swift,
				DiscoveryNGO.swift,
				NGOCardCell.swift,
				NGODetailsViewController.swift,
				NGOInsightsViewController.swift,
				NgoOrginzationDiscovery.storyboard,
				NGOReviewsViewController.swift,
				OrganizationDiscoveryViewController.swift,
			);
			target = D54C77232EF736C60072F713 /* AppPlateFulTests */;
		};
		5C8053092F081FAB00ACF25F /* PBXFileSystemSynchronizedBuildFileExceptionSet */ = {
			isa = PBXFileSystemSynchronizedBuildFileExceptionSet;
			membershipExceptions = (
				AddReviewViewController.swift,
				DiscoveryNGO.swift,
				NGOCardCell.swift,
				NGODetailsViewController.swift,
				NGOInsightsViewController.swift,
				NgoOrginzationDiscovery.storyboard,
				NGOReviewsViewController.swift,
				OrganizationDiscoveryViewController.swift,
			);
			target = D54C772D2EF736C60072F713 /* AppPlateFulUITests */;
		};
		5C8053132F0832EE00ACF25F /* PBXFileSystemSynchronizedBuildFileExceptionSet */ = {
			isa = PBXFileSystemSynchronizedBuildFileExceptionSet;
			membershipExceptions = (
				FAQ.storyboard,
				FAQViewController.swift,
			);
			target = D54C77232EF736C60072F713 /* AppPlateFulTests */;
		};
		5C8053142F0832EE00ACF25F /* PBXFileSystemSynchronizedBuildFileExceptionSet */ = {
			isa = PBXFileSystemSynchronizedBuildFileExceptionSet;
			membershipExceptions = (
				FAQ.storyboard,
				FAQViewController.swift,
			);
			target = D54C772D2EF736C60072F713 /* AppPlateFulUITests */;
		};
		5C80531E2F08334900ACF25F /* PBXFileSystemSynchronizedBuildFileExceptionSet */ = {
			isa = PBXFileSystemSynchronizedBuildFileExceptionSet;
			membershipExceptions = (
				TermsAndCon.storyboard,
				TermsViewController.swift,
			);
			target = D54C77232EF736C60072F713 /* AppPlateFulTests */;
		};
		5C80531F2F08334900ACF25F /* PBXFileSystemSynchronizedBuildFileExceptionSet */ = {
			isa = PBXFileSystemSynchronizedBuildFileExceptionSet;
			membershipExceptions = (
				TermsAndCon.storyboard,
				TermsViewController.swift,
			);
			target = D54C772D2EF736C60072F713 /* AppPlateFulUITests */;
		};
/* End PBXFileSystemSynchronizedBuildFileExceptionSet section */

/* Begin PBXFileSystemSynchronizedRootGroup section */
		5C8052F42F081F2400ACF25F /* FavoriteNGO */ = {isa = PBXFileSystemSynchronizedRootGroup; exceptions = (5C8053042F081F2500ACF25F /* PBXFileSystemSynchronizedBuildFileExceptionSet */, 5C8053052F081F2500ACF25F /* PBXFileSystemSynchronizedBuildFileExceptionSet */, ); explicitFileTypes = {}; explicitFolders = (); path = FavoriteNGO; sourceTree = "<group>"; };
		5C8053072F081FA500ACF25F /* NgoOrginizationDiscovery */ = {isa = PBXFileSystemSynchronizedRootGroup; exceptions = (5C8053082F081FAB00ACF25F /* PBXFileSystemSynchronizedBuildFileExceptionSet */, 5C8053092F081FAB00ACF25F /* PBXFileSystemSynchronizedBuildFileExceptionSet */, ); explicitFileTypes = {}; explicitFolders = (); path = NgoOrginizationDiscovery; sourceTree = "<group>"; };
		5C8053122F0832E300ACF25F /* FAQ */ = {isa = PBXFileSystemSynchronizedRootGroup; exceptions = (5C8053132F0832EE00ACF25F /* PBXFileSystemSynchronizedBuildFileExceptionSet */, 5C8053142F0832EE00ACF25F /* PBXFileSystemSynchronizedBuildFileExceptionSet */, ); explicitFileTypes = {}; explicitFolders = (); path = FAQ; sourceTree = "<group>"; };
		5C80531D2F08333700ACF25F /* TermsAndConditions */ = {isa = PBXFileSystemSynchronizedRootGroup; exceptions = (5C80531E2F08334900ACF25F /* PBXFileSystemSynchronizedBuildFileExceptionSet */, 5C80531F2F08334900ACF25F /* PBXFileSystemSynchronizedBuildFileExceptionSet */, ); explicitFileTypes = {}; explicitFolders = (); path = TermsAndConditions; sourceTree = "<group>"; };
		D58F04942F0600090080DF27 /* Privacy Policy */ = {isa = PBXFileSystemSynchronizedRootGroup; explicitFileTypes = {}; explicitFolders = (); path = "Privacy Policy"; sourceTree = "<group>"; };
		D58F04B72F06E9E70080DF27 /* Reports 2 */ = {isa = PBXFileSystemSynchronizedRootGroup; explicitFileTypes = {}; explicitFolders = (); path = "Reports 2"; sourceTree = "<group>"; };
		D5F84D472F00522A0034CC8D /* AdminDashboard */ = {isa = PBXFileSystemSynchronizedRootGroup; explicitFileTypes = {}; explicitFolders = (); path = AdminDashboard; sourceTree = "<group>"; };
		D5F84D482F00524D0034CC8D /* NGOReview */ = {isa = PBXFileSystemSynchronizedRootGroup; explicitFileTypes = {}; explicitFolders = (); path = NGOReview; sourceTree = "<group>"; };
		D5F84D492F0052840034CC8D /* UserManagement */ = {isa = PBXFileSystemSynchronizedRootGroup; explicitFileTypes = {}; explicitFolders = (); path = UserManagement; sourceTree = "<group>"; };
		D5F84D4A2F0052AE0034CC8D /* DonationActivity */ = {isa = PBXFileSystemSynchronizedRootGroup; explicitFileTypes = {}; explicitFolders = (); path = DonationActivity; sourceTree = "<group>"; };
/* End PBXFileSystemSynchronizedRootGroup section */

/* Begin PBXFrameworksBuildPhase section */
		D54C770B2EF736C40072F713 /* Frameworks */ = {
			isa = PBXFrameworksBuildPhase;
			buildActionMask = 2147483647;
			files = (
				D58F04CE2F073DBB0080DF27 /* FirebaseAppDistribution-Beta in Frameworks */,
				D58F04DA2F073DBB0080DF27 /* FirebaseFirestore in Frameworks */,
				D58F04D22F073DBB0080DF27 /* FirebaseAuthCombine-Community in Frameworks */,
				D58F04E42F073DBB0080DF27 /* FirebaseInstallations in Frameworks */,
				D58F04C42F073DBB0080DF27 /* FirebaseAILogic in Frameworks */,
				D58F04CA2F073DBB0080DF27 /* FirebaseAnalyticsIdentitySupport in Frameworks */,
				D58F04E22F073DBB0080DF27 /* FirebaseInAppMessaging-Beta in Frameworks */,
				D58F04C22F073DBB0080DF27 /* FirebaseAI in Frameworks */,
				D58F04D62F073DBB0080DF27 /* FirebaseCrashlytics in Frameworks */,
				D58F04E02F073DBB0080DF27 /* FirebaseFunctionsCombine-Community in Frameworks */,
				D58F04F02F073DBB0080DF27 /* FirebaseStorageCombine-Community in Frameworks */,
				D58F04D82F073DBB0080DF27 /* FirebaseDatabase in Frameworks */,
				D58F04EE2F073DBB0080DF27 /* FirebaseStorage in Frameworks */,
				D58F04EC2F073DBB0080DF27 /* FirebaseRemoteConfig in Frameworks */,
				D58F04C62F073DBB0080DF27 /* FirebaseAnalytics in Frameworks */,
				D58F04E82F073DBB0080DF27 /* FirebaseMessaging in Frameworks */,
				D58F04E62F073DBB0080DF27 /* FirebaseMLModelDownloader in Frameworks */,
				D58F04EA2F073DBB0080DF27 /* FirebasePerformance in Frameworks */,
				D58F04D42F073DBB0080DF27 /* FirebaseCore in Frameworks */,
				D58F04CC2F073DBB0080DF27 /* FirebaseAppCheck in Frameworks */,
				D58F04C82F073DBB0080DF27 /* FirebaseAnalyticsCore in Frameworks */,
				D58F04DE2F073DBB0080DF27 /* FirebaseFunctions in Frameworks */,
				D58F04D02F073DBB0080DF27 /* FirebaseAuth in Frameworks */,
				D58F04DC2F073DBB0080DF27 /* FirebaseFirestoreCombine-Community in Frameworks */,
			);
			runOnlyForDeploymentPostprocessing = 0;
		};
		D54C77212EF736C60072F713 /* Frameworks */ = {
			isa = PBXFrameworksBuildPhase;
			buildActionMask = 2147483647;
			files = (
			);
			runOnlyForDeploymentPostprocessing = 0;
		};
		D54C772B2EF736C60072F713 /* Frameworks */ = {
			isa = PBXFrameworksBuildPhase;
			buildActionMask = 2147483647;
			files = (
			);
			runOnlyForDeploymentPostprocessing = 0;
		};
/* End PBXFrameworksBuildPhase section */

/* Begin PBXGroup section */
		D54C77052EF736C40072F713 = {
			isa = PBXGroup;
			children = (
				D58F04F32F0740D60080DF27 /* FirestoreService.swift */,
				D5F169872EFDACAA0015DFDE /* Notifications.storyboard */,
				D54C77102EF736C40072F713 /* AppPlateFul */,
				D54C77272EF736C60072F713 /* AppPlateFulTests */,
				D54C77312EF736C60072F713 /* AppPlateFulUITests */,
				D54C770F2EF736C40072F713 /* Products */,
			);
			sourceTree = "<group>";
		};
		D54C770F2EF736C40072F713 /* Products */ = {
			isa = PBXGroup;
			children = (
				D54C770E2EF736C40072F713 /* AppPlateFul.app */,
				D54C77242EF736C60072F713 /* AppPlateFulTests.xctest */,
				D54C772E2EF736C60072F713 /* AppPlateFulUITests.xctest */,
			);
			name = Products;
			sourceTree = "<group>";
		};
		D54C77102EF736C40072F713 /* AppPlateFul */ = {
			isa = PBXGroup;
			children = (
				D5F84D472F00522A0034CC8D /* AdminDashboard */,
				D5F84D482F00524D0034CC8D /* NGOReview */,
				D5F84D492F0052840034CC8D /* UserManagement */,
				D5F84D4A2F0052AE0034CC8D /* DonationActivity */,
				D58F04942F0600090080DF27 /* Privacy Policy */,
				5C8053072F081FA500ACF25F /* NgoOrginizationDiscovery */,
				D58F04B72F06E9E70080DF27 /* Reports 2 */,
				5C8052F42F081F2400ACF25F /* FavoriteNGO */,
				5C8053122F0832E300ACF25F /* FAQ */,
				5C80531D2F08333700ACF25F /* TermsAndConditions */,
				D54C77112EF736C40072F713 /* AppDelegate.swift */,
				D54C77132EF736C40072F713 /* SceneDelegate.swift */,
				D54C771A2EF736C60072F713 /* Assets.xcassets */,
				D54C77172EF736C40072F713 /* Main.storyboard */,
				D54C771C2EF736C60072F713 /* LaunchScreen.storyboard */,
				D54C771F2EF736C60072F713 /* Info.plist */,
			);
			path = AppPlateFul;
			sourceTree = "<group>";
		};
		D54C77272EF736C60072F713 /* AppPlateFulTests */ = {
			isa = PBXGroup;
			children = (
				D54C77282EF736C60072F713 /* AppPlateFulTests.swift */,
			);
			path = AppPlateFulTests;
			sourceTree = "<group>";
		};
		D54C77312EF736C60072F713 /* AppPlateFulUITests */ = {
			isa = PBXGroup;
			children = (
				D58F04BE2F073C8A0080DF27 /* GoogleService-Info.plist */,
				D54C77322EF736C60072F713 /* AppPlateFulUITests.swift */,
				D54C77342EF736C60072F713 /* AppPlateFulUITestsLaunchTests.swift */,
			);
			path = AppPlateFulUITests;
			sourceTree = "<group>";
		};
/* End PBXGroup section */

/* Begin PBXNativeTarget section */
		D54C770D2EF736C40072F713 /* AppPlateFul */ = {
			isa = PBXNativeTarget;
			buildConfigurationList = D54C77382EF736C60072F713 /* Build configuration list for PBXNativeTarget "AppPlateFul" */;
			buildPhases = (
				D54C770A2EF736C40072F713 /* Sources */,
				D54C770B2EF736C40072F713 /* Frameworks */,
				D54C770C2EF736C40072F713 /* Resources */,
			);
			buildRules = (
			);
			dependencies = (
			);
			fileSystemSynchronizedGroups = (
				5C8052F42F081F2400ACF25F /* FavoriteNGO */,
				5C8053072F081FA500ACF25F /* NgoOrginizationDiscovery */,
				5C8053122F0832E300ACF25F /* FAQ */,
				5C80531D2F08333700ACF25F /* TermsAndConditions */,
				D58F04942F0600090080DF27 /* Privacy Policy */,
				D58F04B72F06E9E70080DF27 /* Reports 2 */,
				D5F84D472F00522A0034CC8D /* AdminDashboard */,
				D5F84D482F00524D0034CC8D /* NGOReview */,
				D5F84D492F0052840034CC8D /* UserManagement */,
				D5F84D4A2F0052AE0034CC8D /* DonationActivity */,
			);
			name = AppPlateFul;
			productName = AppPlateFul;
			productReference = D54C770E2EF736C40072F713 /* AppPlateFul.app */;
			productType = "com.apple.product-type.application";
		};
		D54C77232EF736C60072F713 /* AppPlateFulTests */ = {
			isa = PBXNativeTarget;
			buildConfigurationList = D54C773B2EF736C60072F713 /* Build configuration list for PBXNativeTarget "AppPlateFulTests" */;
			buildPhases = (
				D54C77202EF736C60072F713 /* Sources */,
				D54C77212EF736C60072F713 /* Frameworks */,
				D54C77222EF736C60072F713 /* Resources */,
			);
			buildRules = (
			);
			dependencies = (
				D54C77262EF736C60072F713 /* PBXTargetDependency */,
			);
			name = AppPlateFulTests;
			productName = AppPlateFulTests;
			productReference = D54C77242EF736C60072F713 /* AppPlateFulTests.xctest */;
			productType = "com.apple.product-type.bundle.unit-test";
		};
		D54C772D2EF736C60072F713 /* AppPlateFulUITests */ = {
			isa = PBXNativeTarget;
			buildConfigurationList = D54C773E2EF736C60072F713 /* Build configuration list for PBXNativeTarget "AppPlateFulUITests" */;
			buildPhases = (
				D54C772A2EF736C60072F713 /* Sources */,
				D54C772B2EF736C60072F713 /* Frameworks */,
				D54C772C2EF736C60072F713 /* Resources */,
			);
			buildRules = (
			);
			dependencies = (
				D54C77302EF736C60072F713 /* PBXTargetDependency */,
			);
			name = AppPlateFulUITests;
			productName = AppPlateFulUITests;
			productReference = D54C772E2EF736C60072F713 /* AppPlateFulUITests.xctest */;
			productType = "com.apple.product-type.bundle.ui-testing";
		};
/* End PBXNativeTarget section */

/* Begin PBXProject section */
		D54C77062EF736C40072F713 /* Project object */ = {
			isa = PBXProject;
			attributes = {
				BuildIndependentTargetsInParallel = 1;
				LastSwiftUpdateCheck = 1540;
				LastUpgradeCheck = 2620;
				TargetAttributes = {
					D54C770D2EF736C40072F713 = {
						CreatedOnToolsVersion = 15.4;
					};
					D54C77232EF736C60072F713 = {
						CreatedOnToolsVersion = 15.4;
						TestTargetID = D54C770D2EF736C40072F713;
					};
					D54C772D2EF736C60072F713 = {
						CreatedOnToolsVersion = 15.4;
						TestTargetID = D54C770D2EF736C40072F713;
					};
				};
			};
			buildConfigurationList = D54C77092EF736C40072F713 /* Build configuration list for PBXProject "AppPlateFul" */;
			compatibilityVersion = "Xcode 14.0";
			developmentRegion = en;
			hasScannedForEncodings = 0;
			knownRegions = (
				en,
				Base,
			);
			mainGroup = D54C77052EF736C40072F713;
			packageReferences = (
				D58F04C02F073DBB0080DF27 /* XCRemoteSwiftPackageReference "firebase-ios-sdk" */,
			);
			productRefGroup = D54C770F2EF736C40072F713 /* Products */;
			projectDirPath = "";
			projectRoot = "";
			targets = (
				D54C770D2EF736C40072F713 /* AppPlateFul */,
				D54C77232EF736C60072F713 /* AppPlateFulTests */,
				D54C772D2EF736C60072F713 /* AppPlateFulUITests */,
			);
		};
/* End PBXProject section */

/* Begin PBXResourcesBuildPhase section */
		D54C770C2EF736C40072F713 /* Resources */ = {
			isa = PBXResourcesBuildPhase;
			buildActionMask = 2147483647;
			files = (
				D54C771B2EF736C60072F713 /* Assets.xcassets in Resources */,
				D54C771E2EF736C60072F713 /* Base in Resources */,
				D54C77192EF736C40072F713 /* Base in Resources */,
				D58F04BF2F073C8A0080DF27 /* GoogleService-Info.plist in Resources */,
				D5F169882EFDACAA0015DFDE /* Notifications.storyboard in Resources */,
			);
			runOnlyForDeploymentPostprocessing = 0;
		};
		D54C77222EF736C60072F713 /* Resources */ = {
			isa = PBXResourcesBuildPhase;
			buildActionMask = 2147483647;
			files = (
				D58F04F12F073DC40080DF27 /* GoogleService-Info.plist in Resources */,
			);
			runOnlyForDeploymentPostprocessing = 0;
		};
		D54C772C2EF736C60072F713 /* Resources */ = {
			isa = PBXResourcesBuildPhase;
			buildActionMask = 2147483647;
			files = (
				D58F04F22F073DC40080DF27 /* GoogleService-Info.plist in Resources */,
			);
			runOnlyForDeploymentPostprocessing = 0;
		};
/* End PBXResourcesBuildPhase section */

/* Begin PBXSourcesBuildPhase section */
		D54C770A2EF736C40072F713 /* Sources */ = {
			isa = PBXSourcesBuildPhase;
			buildActionMask = 2147483647;
			files = (
				D58F04F42F0740D60080DF27 /* FirestoreService.swift in Sources */,
				D54C77122EF736C40072F713 /* AppDelegate.swift in Sources */,
				D54C77142EF736C40072F713 /* SceneDelegate.swift in Sources */,
			);
			runOnlyForDeploymentPostprocessing = 0;
		};
		D54C77202EF736C60072F713 /* Sources */ = {
			isa = PBXSourcesBuildPhase;
			buildActionMask = 2147483647;
			files = (
				D54C77292EF736C60072F713 /* AppPlateFulTests.swift in Sources */,
			);
			runOnlyForDeploymentPostprocessing = 0;
		};
		D54C772A2EF736C60072F713 /* Sources */ = {
			isa = PBXSourcesBuildPhase;
			buildActionMask = 2147483647;
			files = (
				D54C77332EF736C60072F713 /* AppPlateFulUITests.swift in Sources */,
				D54C77352EF736C60072F713 /* AppPlateFulUITestsLaunchTests.swift in Sources */,
			);
			runOnlyForDeploymentPostprocessing = 0;
		};
/* End PBXSourcesBuildPhase section */

/* Begin PBXTargetDependency section */
		D54C77262EF736C60072F713 /* PBXTargetDependency */ = {
			isa = PBXTargetDependency;
			target = D54C770D2EF736C40072F713 /* AppPlateFul */;
			targetProxy = D54C77252EF736C60072F713 /* PBXContainerItemProxy */;
		};
		D54C77302EF736C60072F713 /* PBXTargetDependency */ = {
			isa = PBXTargetDependency;
			target = D54C770D2EF736C40072F713 /* AppPlateFul */;
			targetProxy = D54C772F2EF736C60072F713 /* PBXContainerItemProxy */;
		};
/* End PBXTargetDependency section */

/* Begin PBXVariantGroup section */
		D54C77172EF736C40072F713 /* Main.storyboard */ = {
			isa = PBXVariantGroup;
			children = (
				D54C77182EF736C40072F713 /* Base */,
			);
			name = Main.storyboard;
			sourceTree = "<group>";
		};
		D54C771C2EF736C60072F713 /* LaunchScreen.storyboard */ = {
			isa = PBXVariantGroup;
			children = (
				D54C771D2EF736C60072F713 /* Base */,
			);
			name = LaunchScreen.storyboard;
			sourceTree = "<group>";
		};
/* End PBXVariantGroup section */

/* Begin XCBuildConfiguration section */
		D54C77362EF736C60072F713 /* Debug */ = {
			isa = XCBuildConfiguration;
			buildSettings = {
				ALWAYS_SEARCH_USER_PATHS = NO;
				ASSETCATALOG_COMPILER_GENERATE_SWIFT_ASSET_SYMBOL_EXTENSIONS = YES;
				CLANG_ANALYZER_NONNULL = YES;
				CLANG_ANALYZER_NUMBER_OBJECT_CONVERSION = YES_AGGRESSIVE;
				CLANG_CXX_LANGUAGE_STANDARD = "gnu++20";
				CLANG_ENABLE_MODULES = YES;
				CLANG_ENABLE_OBJC_ARC = YES;
				CLANG_ENABLE_OBJC_WEAK = YES;
				CLANG_WARN_BLOCK_CAPTURE_AUTORELEASING = YES;
				CLANG_WARN_BOOL_CONVERSION = YES;
				CLANG_WARN_COMMA = YES;
				CLANG_WARN_CONSTANT_CONVERSION = YES;
				CLANG_WARN_DEPRECATED_OBJC_IMPLEMENTATIONS = YES;
				CLANG_WARN_DIRECT_OBJC_ISA_USAGE = YES_ERROR;
				CLANG_WARN_DOCUMENTATION_COMMENTS = YES;
				CLANG_WARN_EMPTY_BODY = YES;
				CLANG_WARN_ENUM_CONVERSION = YES;
				CLANG_WARN_INFINITE_RECURSION = YES;
				CLANG_WARN_INT_CONVERSION = YES;
				CLANG_WARN_NON_LITERAL_NULL_CONVERSION = YES;
				CLANG_WARN_OBJC_IMPLICIT_RETAIN_SELF = YES;
				CLANG_WARN_OBJC_LITERAL_CONVERSION = YES;
				CLANG_WARN_OBJC_ROOT_CLASS = YES_ERROR;
				CLANG_WARN_QUOTED_INCLUDE_IN_FRAMEWORK_HEADER = YES;
				CLANG_WARN_RANGE_LOOP_ANALYSIS = YES;
				CLANG_WARN_STRICT_PROTOTYPES = YES;
				CLANG_WARN_SUSPICIOUS_MOVE = YES;
				CLANG_WARN_UNGUARDED_AVAILABILITY = YES_AGGRESSIVE;
				CLANG_WARN_UNREACHABLE_CODE = YES;
				CLANG_WARN__DUPLICATE_METHOD_MATCH = YES;
				COPY_PHASE_STRIP = NO;
				DEBUG_INFORMATION_FORMAT = dwarf;
				ENABLE_STRICT_OBJC_MSGSEND = YES;
				ENABLE_TESTABILITY = YES;
				ENABLE_USER_SCRIPT_SANDBOXING = YES;
				GCC_C_LANGUAGE_STANDARD = gnu17;
				GCC_DYNAMIC_NO_PIC = NO;
				GCC_NO_COMMON_BLOCKS = YES;
				GCC_OPTIMIZATION_LEVEL = 0;
				GCC_PREPROCESSOR_DEFINITIONS = (
					"DEBUG=1",
					"$(inherited)",
				);
				GCC_WARN_64_TO_32_BIT_CONVERSION = YES;
				GCC_WARN_ABOUT_RETURN_TYPE = YES_ERROR;
				GCC_WARN_UNDECLARED_SELECTOR = YES;
				GCC_WARN_UNINITIALIZED_AUTOS = YES_AGGRESSIVE;
				GCC_WARN_UNUSED_FUNCTION = YES;
				GCC_WARN_UNUSED_VARIABLE = YES;
				IPHONEOS_DEPLOYMENT_TARGET = 15.0;
				LOCALIZATION_PREFERS_STRING_CATALOGS = YES;
				MTL_ENABLE_DEBUG_INFO = INCLUDE_SOURCE;
				MTL_FAST_MATH = YES;
				ONLY_ACTIVE_ARCH = YES;
				SDKROOT = iphoneos;
				STRING_CATALOG_GENERATE_SYMBOLS = YES;
				SWIFT_ACTIVE_COMPILATION_CONDITIONS = "DEBUG $(inherited)";
				SWIFT_OPTIMIZATION_LEVEL = "-Onone";
			};
			name = Debug;
		};
		D54C77372EF736C60072F713 /* Release */ = {
			isa = XCBuildConfiguration;
			buildSettings = {
				ALWAYS_SEARCH_USER_PATHS = NO;
				ASSETCATALOG_COMPILER_GENERATE_SWIFT_ASSET_SYMBOL_EXTENSIONS = YES;
				CLANG_ANALYZER_NONNULL = YES;
				CLANG_ANALYZER_NUMBER_OBJECT_CONVERSION = YES_AGGRESSIVE;
				CLANG_CXX_LANGUAGE_STANDARD = "gnu++20";
				CLANG_ENABLE_MODULES = YES;
				CLANG_ENABLE_OBJC_ARC = YES;
				CLANG_ENABLE_OBJC_WEAK = YES;
				CLANG_WARN_BLOCK_CAPTURE_AUTORELEASING = YES;
				CLANG_WARN_BOOL_CONVERSION = YES;
				CLANG_WARN_COMMA = YES;
				CLANG_WARN_CONSTANT_CONVERSION = YES;
				CLANG_WARN_DEPRECATED_OBJC_IMPLEMENTATIONS = YES;
				CLANG_WARN_DIRECT_OBJC_ISA_USAGE = YES_ERROR;
				CLANG_WARN_DOCUMENTATION_COMMENTS = YES;
				CLANG_WARN_EMPTY_BODY = YES;
				CLANG_WARN_ENUM_CONVERSION = YES;
				CLANG_WARN_INFINITE_RECURSION = YES;
				CLANG_WARN_INT_CONVERSION = YES;
				CLANG_WARN_NON_LITERAL_NULL_CONVERSION = YES;
				CLANG_WARN_OBJC_IMPLICIT_RETAIN_SELF = YES;
				CLANG_WARN_OBJC_LITERAL_CONVERSION = YES;
				CLANG_WARN_OBJC_ROOT_CLASS = YES_ERROR;
				CLANG_WARN_QUOTED_INCLUDE_IN_FRAMEWORK_HEADER = YES;
				CLANG_WARN_RANGE_LOOP_ANALYSIS = YES;
				CLANG_WARN_STRICT_PROTOTYPES = YES;
				CLANG_WARN_SUSPICIOUS_MOVE = YES;
				CLANG_WARN_UNGUARDED_AVAILABILITY = YES_AGGRESSIVE;
				CLANG_WARN_UNREACHABLE_CODE = YES;
				CLANG_WARN__DUPLICATE_METHOD_MATCH = YES;
				COPY_PHASE_STRIP = NO;
				DEBUG_INFORMATION_FORMAT = "dwarf-with-dsym";
				ENABLE_NS_ASSERTIONS = NO;
				ENABLE_STRICT_OBJC_MSGSEND = YES;
				ENABLE_USER_SCRIPT_SANDBOXING = YES;
				GCC_C_LANGUAGE_STANDARD = gnu17;
				GCC_NO_COMMON_BLOCKS = YES;
				GCC_WARN_64_TO_32_BIT_CONVERSION = YES;
				GCC_WARN_ABOUT_RETURN_TYPE = YES_ERROR;
				GCC_WARN_UNDECLARED_SELECTOR = YES;
				GCC_WARN_UNINITIALIZED_AUTOS = YES_AGGRESSIVE;
				GCC_WARN_UNUSED_FUNCTION = YES;
				GCC_WARN_UNUSED_VARIABLE = YES;
				IPHONEOS_DEPLOYMENT_TARGET = 15.0;
				LOCALIZATION_PREFERS_STRING_CATALOGS = YES;
				MTL_ENABLE_DEBUG_INFO = NO;
				MTL_FAST_MATH = YES;
				SDKROOT = iphoneos;
				STRING_CATALOG_GENERATE_SYMBOLS = YES;
				SWIFT_COMPILATION_MODE = wholemodule;
				VALIDATE_PRODUCT = YES;
			};
			name = Release;
		};
		D54C77392EF736C60072F713 /* Debug */ = {
			isa = XCBuildConfiguration;
			buildSettings = {
				ASSETCATALOG_COMPILER_APPICON_NAME = AppIcon;
				ASSETCATALOG_COMPILER_GLOBAL_ACCENT_COLOR_NAME = AccentColor;
				CODE_SIGN_STYLE = Automatic;
				CURRENT_PROJECT_VERSION = 1;
				GENERATE_INFOPLIST_FILE = YES;
				INFOPLIST_FILE = AppPlateFul/Info.plist;
				INFOPLIST_KEY_UIApplicationSupportsIndirectInputEvents = YES;
				INFOPLIST_KEY_UILaunchStoryboardName = "";
				INFOPLIST_KEY_UIMainStoryboardFile = Main;
				INFOPLIST_KEY_UIStatusBarStyle = "";
				INFOPLIST_KEY_UISupportedInterfaceOrientations_iPad = "UIInterfaceOrientationPortrait UIInterfaceOrientationPortraitUpsideDown UIInterfaceOrientationLandscapeLeft UIInterfaceOrientationLandscapeRight";
				INFOPLIST_KEY_UISupportedInterfaceOrientations_iPhone = "UIInterfaceOrientationPortrait UIInterfaceOrientationLandscapeLeft UIInterfaceOrientationLandscapeRight";
				LD_RUNPATH_SEARCH_PATHS = (
					"$(inherited)",
					"@executable_path/Frameworks",
				);
				MARKETING_VERSION = 1.0;
				PRODUCT_BUNDLE_IDENTIFIER = com.hassan.AppPlateFul;
				PRODUCT_NAME = "$(TARGET_NAME)";
				SWIFT_EMIT_LOC_STRINGS = YES;
				SWIFT_VERSION = 5.0;
				TARGETED_DEVICE_FAMILY = "1,2";
			};
			name = Debug;
		};
		D54C773A2EF736C60072F713 /* Release */ = {
			isa = XCBuildConfiguration;
			buildSettings = {
				ASSETCATALOG_COMPILER_APPICON_NAME = AppIcon;
				ASSETCATALOG_COMPILER_GLOBAL_ACCENT_COLOR_NAME = AccentColor;
				CODE_SIGN_STYLE = Automatic;
				CURRENT_PROJECT_VERSION = 1;
				GENERATE_INFOPLIST_FILE = YES;
				INFOPLIST_FILE = AppPlateFul/Info.plist;
				INFOPLIST_KEY_UIApplicationSupportsIndirectInputEvents = YES;
				INFOPLIST_KEY_UILaunchStoryboardName = "";
				INFOPLIST_KEY_UIMainStoryboardFile = Main;
				INFOPLIST_KEY_UIStatusBarStyle = "";
				INFOPLIST_KEY_UISupportedInterfaceOrientations_iPad = "UIInterfaceOrientationPortrait UIInterfaceOrientationPortraitUpsideDown UIInterfaceOrientationLandscapeLeft UIInterfaceOrientationLandscapeRight";
				INFOPLIST_KEY_UISupportedInterfaceOrientations_iPhone = "UIInterfaceOrientationPortrait UIInterfaceOrientationLandscapeLeft UIInterfaceOrientationLandscapeRight";
				LD_RUNPATH_SEARCH_PATHS = (
					"$(inherited)",
					"@executable_path/Frameworks",
				);
				MARKETING_VERSION = 1.0;
				PRODUCT_BUNDLE_IDENTIFIER = com.hassan.AppPlateFul;
				PRODUCT_NAME = "$(TARGET_NAME)";
				SWIFT_EMIT_LOC_STRINGS = YES;
				SWIFT_VERSION = 5.0;
				TARGETED_DEVICE_FAMILY = "1,2";
			};
			name = Release;
		};
		D54C773C2EF736C60072F713 /* Debug */ = {
			isa = XCBuildConfiguration;
			buildSettings = {
				BUNDLE_LOADER = "$(TEST_HOST)";
				CODE_SIGN_STYLE = Automatic;
				CURRENT_PROJECT_VERSION = 1;
				GENERATE_INFOPLIST_FILE = YES;
				IPHONEOS_DEPLOYMENT_TARGET = 17.5;
				MARKETING_VERSION = 1.0;
				PRODUCT_BUNDLE_IDENTIFIER = com.hassan.AppPlateFulTests;
				PRODUCT_NAME = "$(TARGET_NAME)";
				SWIFT_EMIT_LOC_STRINGS = NO;
				SWIFT_VERSION = 5.0;
				TARGETED_DEVICE_FAMILY = "1,2";
				TEST_HOST = "$(BUILT_PRODUCTS_DIR)/AppPlateFul.app/$(BUNDLE_EXECUTABLE_FOLDER_PATH)/AppPlateFul";
			};
			name = Debug;
		};
		D54C773D2EF736C60072F713 /* Release */ = {
			isa = XCBuildConfiguration;
			buildSettings = {
				BUNDLE_LOADER = "$(TEST_HOST)";
				CODE_SIGN_STYLE = Automatic;
				CURRENT_PROJECT_VERSION = 1;
				GENERATE_INFOPLIST_FILE = YES;
				IPHONEOS_DEPLOYMENT_TARGET = 17.5;
				MARKETING_VERSION = 1.0;
				PRODUCT_BUNDLE_IDENTIFIER = com.hassan.AppPlateFulTests;
				PRODUCT_NAME = "$(TARGET_NAME)";
				SWIFT_EMIT_LOC_STRINGS = NO;
				SWIFT_VERSION = 5.0;
				TARGETED_DEVICE_FAMILY = "1,2";
				TEST_HOST = "$(BUILT_PRODUCTS_DIR)/AppPlateFul.app/$(BUNDLE_EXECUTABLE_FOLDER_PATH)/AppPlateFul";
			};
			name = Release;
		};
		D54C773F2EF736C60072F713 /* Debug */ = {
			isa = XCBuildConfiguration;
			buildSettings = {
				CODE_SIGN_STYLE = Automatic;
				CURRENT_PROJECT_VERSION = 1;
				GENERATE_INFOPLIST_FILE = YES;
				MARKETING_VERSION = 1.0;
				PRODUCT_BUNDLE_IDENTIFIER = com.hassan.AppPlateFulUITests;
				PRODUCT_NAME = "$(TARGET_NAME)";
				SWIFT_EMIT_LOC_STRINGS = NO;
				SWIFT_VERSION = 5.0;
				TARGETED_DEVICE_FAMILY = "1,2";
				TEST_TARGET_NAME = AppPlateFul;
			};
			name = Debug;
		};
		D54C77402EF736C60072F713 /* Release */ = {
			isa = XCBuildConfiguration;
			buildSettings = {
				CODE_SIGN_STYLE = Automatic;
				CURRENT_PROJECT_VERSION = 1;
				GENERATE_INFOPLIST_FILE = YES;
				MARKETING_VERSION = 1.0;
				PRODUCT_BUNDLE_IDENTIFIER = com.hassan.AppPlateFulUITests;
				PRODUCT_NAME = "$(TARGET_NAME)";
				SWIFT_EMIT_LOC_STRINGS = NO;
				SWIFT_VERSION = 5.0;
				TARGETED_DEVICE_FAMILY = "1,2";
				TEST_TARGET_NAME = AppPlateFul;
			};
			name = Release;
		};
/* End XCBuildConfiguration section */

/* Begin XCConfigurationList section */
		D54C77092EF736C40072F713 /* Build configuration list for PBXProject "AppPlateFul" */ = {
			isa = XCConfigurationList;
			buildConfigurations = (
				D54C77362EF736C60072F713 /* Debug */,
				D54C77372EF736C60072F713 /* Release */,
			);
			defaultConfigurationIsVisible = 0;
			defaultConfigurationName = Release;
		};
		D54C77382EF736C60072F713 /* Build configuration list for PBXNativeTarget "AppPlateFul" */ = {
			isa = XCConfigurationList;
			buildConfigurations = (
				D54C77392EF736C60072F713 /* Debug */,
				D54C773A2EF736C60072F713 /* Release */,
			);
			defaultConfigurationIsVisible = 0;
			defaultConfigurationName = Release;
		};
		D54C773B2EF736C60072F713 /* Build configuration list for PBXNativeTarget "AppPlateFulTests" */ = {
			isa = XCConfigurationList;
			buildConfigurations = (
				D54C773C2EF736C60072F713 /* Debug */,
				D54C773D2EF736C60072F713 /* Release */,
			);
			defaultConfigurationIsVisible = 0;
			defaultConfigurationName = Release;
		};
		D54C773E2EF736C60072F713 /* Build configuration list for PBXNativeTarget "AppPlateFulUITests" */ = {
			isa = XCConfigurationList;
			buildConfigurations = (
				D54C773F2EF736C60072F713 /* Debug */,
				D54C77402EF736C60072F713 /* Release */,
			);
			defaultConfigurationIsVisible = 0;
			defaultConfigurationName = Release;
		};
/* End XCConfigurationList section */

/* Begin XCRemoteSwiftPackageReference section */
		D58F04C02F073DBB0080DF27 /* XCRemoteSwiftPackageReference "firebase-ios-sdk" */ = {
			isa = XCRemoteSwiftPackageReference;
			repositoryURL = "https://github.com/firebase/firebase-ios-sdk.git";
			requirement = {
				kind = upToNextMajorVersion;
				minimumVersion = 12.7.0;
			};
		};
/* End XCRemoteSwiftPackageReference section */

/* Begin XCSwiftPackageProductDependency section */
		D58F04C12F073DBB0080DF27 /* FirebaseAI */ = {
			isa = XCSwiftPackageProductDependency;
			package = D58F04C02F073DBB0080DF27 /* XCRemoteSwiftPackageReference "firebase-ios-sdk" */;
			productName = FirebaseAI;
		};
		D58F04C32F073DBB0080DF27 /* FirebaseAILogic */ = {
			isa = XCSwiftPackageProductDependency;
			package = D58F04C02F073DBB0080DF27 /* XCRemoteSwiftPackageReference "firebase-ios-sdk" */;
			productName = FirebaseAILogic;
		};
		D58F04C52F073DBB0080DF27 /* FirebaseAnalytics */ = {
			isa = XCSwiftPackageProductDependency;
			package = D58F04C02F073DBB0080DF27 /* XCRemoteSwiftPackageReference "firebase-ios-sdk" */;
			productName = FirebaseAnalytics;
		};
		D58F04C72F073DBB0080DF27 /* FirebaseAnalyticsCore */ = {
			isa = XCSwiftPackageProductDependency;
			package = D58F04C02F073DBB0080DF27 /* XCRemoteSwiftPackageReference "firebase-ios-sdk" */;
			productName = FirebaseAnalyticsCore;
		};
		D58F04C92F073DBB0080DF27 /* FirebaseAnalyticsIdentitySupport */ = {
			isa = XCSwiftPackageProductDependency;
			package = D58F04C02F073DBB0080DF27 /* XCRemoteSwiftPackageReference "firebase-ios-sdk" */;
			productName = FirebaseAnalyticsIdentitySupport;
		};
		D58F04CB2F073DBB0080DF27 /* FirebaseAppCheck */ = {
			isa = XCSwiftPackageProductDependency;
			package = D58F04C02F073DBB0080DF27 /* XCRemoteSwiftPackageReference "firebase-ios-sdk" */;
			productName = FirebaseAppCheck;
		};
		D58F04CD2F073DBB0080DF27 /* FirebaseAppDistribution-Beta */ = {
			isa = XCSwiftPackageProductDependency;
			package = D58F04C02F073DBB0080DF27 /* XCRemoteSwiftPackageReference "firebase-ios-sdk" */;
			productName = "FirebaseAppDistribution-Beta";
		};
		D58F04CF2F073DBB0080DF27 /* FirebaseAuth */ = {
			isa = XCSwiftPackageProductDependency;
			package = D58F04C02F073DBB0080DF27 /* XCRemoteSwiftPackageReference "firebase-ios-sdk" */;
			productName = FirebaseAuth;
		};
		D58F04D12F073DBB0080DF27 /* FirebaseAuthCombine-Community */ = {
			isa = XCSwiftPackageProductDependency;
			package = D58F04C02F073DBB0080DF27 /* XCRemoteSwiftPackageReference "firebase-ios-sdk" */;
			productName = "FirebaseAuthCombine-Community";
		};
		D58F04D32F073DBB0080DF27 /* FirebaseCore */ = {
			isa = XCSwiftPackageProductDependency;
			package = D58F04C02F073DBB0080DF27 /* XCRemoteSwiftPackageReference "firebase-ios-sdk" */;
			productName = FirebaseCore;
		};
		D58F04D52F073DBB0080DF27 /* FirebaseCrashlytics */ = {
			isa = XCSwiftPackageProductDependency;
			package = D58F04C02F073DBB0080DF27 /* XCRemoteSwiftPackageReference "firebase-ios-sdk" */;
			productName = FirebaseCrashlytics;
		};
		D58F04D72F073DBB0080DF27 /* FirebaseDatabase */ = {
			isa = XCSwiftPackageProductDependency;
			package = D58F04C02F073DBB0080DF27 /* XCRemoteSwiftPackageReference "firebase-ios-sdk" */;
			productName = FirebaseDatabase;
		};
		D58F04D92F073DBB0080DF27 /* FirebaseFirestore */ = {
			isa = XCSwiftPackageProductDependency;
			package = D58F04C02F073DBB0080DF27 /* XCRemoteSwiftPackageReference "firebase-ios-sdk" */;
			productName = FirebaseFirestore;
		};
		D58F04DB2F073DBB0080DF27 /* FirebaseFirestoreCombine-Community */ = {
			isa = XCSwiftPackageProductDependency;
			package = D58F04C02F073DBB0080DF27 /* XCRemoteSwiftPackageReference "firebase-ios-sdk" */;
			productName = "FirebaseFirestoreCombine-Community";
		};
		D58F04DD2F073DBB0080DF27 /* FirebaseFunctions */ = {
			isa = XCSwiftPackageProductDependency;
			package = D58F04C02F073DBB0080DF27 /* XCRemoteSwiftPackageReference "firebase-ios-sdk" */;
			productName = FirebaseFunctions;
		};
		D58F04DF2F073DBB0080DF27 /* FirebaseFunctionsCombine-Community */ = {
			isa = XCSwiftPackageProductDependency;
			package = D58F04C02F073DBB0080DF27 /* XCRemoteSwiftPackageReference "firebase-ios-sdk" */;
			productName = "FirebaseFunctionsCombine-Community";
		};
		D58F04E12F073DBB0080DF27 /* FirebaseInAppMessaging-Beta */ = {
			isa = XCSwiftPackageProductDependency;
			package = D58F04C02F073DBB0080DF27 /* XCRemoteSwiftPackageReference "firebase-ios-sdk" */;
			productName = "FirebaseInAppMessaging-Beta";
		};
		D58F04E32F073DBB0080DF27 /* FirebaseInstallations */ = {
			isa = XCSwiftPackageProductDependency;
			package = D58F04C02F073DBB0080DF27 /* XCRemoteSwiftPackageReference "firebase-ios-sdk" */;
			productName = FirebaseInstallations;
		};
		D58F04E52F073DBB0080DF27 /* FirebaseMLModelDownloader */ = {
			isa = XCSwiftPackageProductDependency;
			package = D58F04C02F073DBB0080DF27 /* XCRemoteSwiftPackageReference "firebase-ios-sdk" */;
			productName = FirebaseMLModelDownloader;
		};
		D58F04E72F073DBB0080DF27 /* FirebaseMessaging */ = {
			isa = XCSwiftPackageProductDependency;
			package = D58F04C02F073DBB0080DF27 /* XCRemoteSwiftPackageReference "firebase-ios-sdk" */;
			productName = FirebaseMessaging;
		};
		D58F04E92F073DBB0080DF27 /* FirebasePerformance */ = {
			isa = XCSwiftPackageProductDependency;
			package = D58F04C02F073DBB0080DF27 /* XCRemoteSwiftPackageReference "firebase-ios-sdk" */;
			productName = FirebasePerformance;
		};
		D58F04EB2F073DBB0080DF27 /* FirebaseRemoteConfig */ = {
			isa = XCSwiftPackageProductDependency;
			package = D58F04C02F073DBB0080DF27 /* XCRemoteSwiftPackageReference "firebase-ios-sdk" */;
			productName = FirebaseRemoteConfig;
		};
		D58F04ED2F073DBB0080DF27 /* FirebaseStorage */ = {
			isa = XCSwiftPackageProductDependency;
			package = D58F04C02F073DBB0080DF27 /* XCRemoteSwiftPackageReference "firebase-ios-sdk" */;
			productName = FirebaseStorage;
		};
		D58F04EF2F073DBB0080DF27 /* FirebaseStorageCombine-Community */ = {
			isa = XCSwiftPackageProductDependency;
			package = D58F04C02F073DBB0080DF27 /* XCRemoteSwiftPackageReference "firebase-ios-sdk" */;
			productName = "FirebaseStorageCombine-Community";
		};
/* End XCSwiftPackageProductDependency section */
	};
	rootObject = D54C77062EF736C40072F713 /* Project object */;
}
