{
  "originHash" : "1f888acff43fd9814f126e12ccb10ec3374f2f88c6a7823c122c4c143dfec66c",
  "pins" : [
    {
      "identity" : "cloudinary_ios",
      "kind" : "remoteSourceControl",
      "location" : "https://github.com/cloudinary/cloudinary_ios",
      "state" : {
        "revision" : "5e709fb159fa2ffa82d8dd6e29b24656920c114b",
        "version" : "5.2.4"
      }
    }
  ],
  "version" : 3
}
